<?xml version="1.0" encoding="utf-8"?>
<Project ToolsVersion="4.0" xmlns="http://schemas.microsoft.com/developer/msbuild/2003">
  <ItemGroup>
    <Filter Include="소스 파일">
      <UniqueIdentifier>{4FC737F1-C7A5-4376-A066-2A32D752A2FF}</UniqueIdentifier>
      <Extensions>cpp;c;cc;cxx;def;odl;idl;hpj;bat;asm;asmx</Extensions>
    </Filter>
    <Filter Include="헤더 파일">
      <UniqueIdentifier>{93995380-89BD-4b04-88EB-625FBE52EBFB}</UniqueIdentifier>
      <Extensions>h;hh;hpp;hxx;hm;inl;inc;xsd</Extensions>
    </Filter>
    <Filter Include="리소스 파일">
      <UniqueIdentifier>{67DA6AB6-F800-4c08-8B7A-83BB121AAD01}</UniqueIdentifier>
      <Extensions>rc;ico;cur;bmp;dlg;rc2;rct;bin;rgs;gif;jpg;jpeg;jpe;resx;tiff;tif;png;wav;mfcribbon-ms</Extensions>
    </Filter>
    <Filter Include="소스 파일\Stdafx">
      <UniqueIdentifier>{9416bbb1-3ad4-47e9-8944-31cf21247a58}</UniqueIdentifier>
    </Filter>
    <Filter Include="소스 파일\MainGame">
      <UniqueIdentifier>{e28f3fe4-b293-4a8b-82a5-1d450885fceb}</UniqueIdentifier>
    </Filter>
    <Filter Include="소스 파일\Manager">
      <UniqueIdentifier>{c8ec57f6-5aae-4d26-9f05-f262bf0584b3}</UniqueIdentifier>
    </Filter>
    <Filter Include="소스 파일\Manager\DeviceManager">
      <UniqueIdentifier>{e42fac7d-6935-475e-84c1-b9fe6204baea}</UniqueIdentifier>
    </Filter>
    <Filter Include="소스 파일\Function">
      <UniqueIdentifier>{efce43a7-53b9-49e4-9a94-9f67f01e0260}</UniqueIdentifier>
    </Filter>
    <Filter Include="소스 파일\Function\Grid">
      <UniqueIdentifier>{99d146f5-f5a4-4144-b901-bcc95969a25f}</UniqueIdentifier>
    </Filter>
    <Filter Include="소스 파일\Function\Carmera">
      <UniqueIdentifier>{250a2729-eeaf-4e2b-92c5-9eb27ad50237}</UniqueIdentifier>
    </Filter>
    <Filter Include="소스 파일\Function\Control">
      <UniqueIdentifier>{2b3e9495-d81e-421e-9089-676562a36adc}</UniqueIdentifier>
    </Filter>
    <Filter Include="소스 파일\Manager\TextureManager">
      <UniqueIdentifier>{245c238a-694d-492d-9e8e-c5d566cdd6c0}</UniqueIdentifier>
    </Filter>
    <Filter Include="소스 파일\Manager\TimeManager">
      <UniqueIdentifier>{fc947205-0532-4f4a-a563-99b399699a20}</UniqueIdentifier>
    </Filter>
    <Filter Include="소스 파일\Function\MtlTex">
      <UniqueIdentifier>{33ab8179-b7f9-4d4c-b8ce-b47e41442e05}</UniqueIdentifier>
    </Filter>
    <Filter Include="소스 파일\Function\Object">
      <UniqueIdentifier>{f5f1035e-7d4f-43f1-a967-fbc9a265501f}</UniqueIdentifier>
    </Filter>
    <Filter Include="소스 파일\Function\Object\AutoReleasePool">
      <UniqueIdentifier>{26364204-46f0-4470-87ce-98c8d45cb770}</UniqueIdentifier>
    </Filter>
    <Filter Include="소스 파일\Manager\SkinnedMeshManager">
      <UniqueIdentifier>{fa8df251-1cdc-4f7f-8661-aeedf2c68be6}</UniqueIdentifier>
    </Filter>
    <Filter Include="소스 파일\Manager\KeyManager">
      <UniqueIdentifier>{82f0ea4f-3c2b-4f23-9601-2bd1fd2580ae}</UniqueIdentifier>
    </Filter>
    <Filter Include="소스 파일\Function\Frustum">
      <UniqueIdentifier>{fddcf76d-773d-4fd0-9098-beafb1491e75}</UniqueIdentifier>
    </Filter>
    <Filter Include="소스 파일\Map Test">
      <UniqueIdentifier>{68a55fb6-b69c-4ccf-be80-16638a296c04}</UniqueIdentifier>
    </Filter>
    <Filter Include="소스 파일\Map Test\Load">
      <UniqueIdentifier>{2e9e9dc1-322c-48da-8b98-a5691249502c}</UniqueIdentifier>
    </Filter>
    <Filter Include="소스 파일\Map Test\Group">
      <UniqueIdentifier>{3a9b07a2-f3d6-4c79-af80-702bd72fcd55}</UniqueIdentifier>
    </Filter>
    <Filter Include="소스 파일\Function\xFile">
      <UniqueIdentifier>{7a52785c-9801-4063-aeff-ee4c80891c63}</UniqueIdentifier>
    </Filter>
    <Filter Include="소스 파일\Function\xFile\AllocateHierarchy">
      <UniqueIdentifier>{e046e151-9a3c-405c-abbb-37eb5622daee}</UniqueIdentifier>
    </Filter>
    <Filter Include="소스 파일\Function\xFile\SkinnedMesh">
      <UniqueIdentifier>{f2b56363-4f06-4455-94c8-e37d3a08b06b}</UniqueIdentifier>
    </Filter>
    <Filter Include="소스 파일\Manager\FontManager">
      <UniqueIdentifier>{26f8fc7f-b1d7-452a-95c2-561f613f5239}</UniqueIdentifier>
    </Filter>
    <Filter Include="소스 파일\Function\BoundBox">
      <UniqueIdentifier>{a074c50c-c4d3-45e5-8f90-4606f60663f9}</UniqueIdentifier>
    </Filter>
  </ItemGroup>
  <ItemGroup>
    <Text Include="ReadMe.txt" />
  </ItemGroup>
  <ItemGroup>
    <ClInclude Include="targetver.h">
      <Filter>헤더 파일</Filter>
    </ClInclude>
    <ClInclude Include="Resource.h">
      <Filter>헤더 파일</Filter>
    </ClInclude>
    <ClInclude Include="3D.h">
      <Filter>헤더 파일</Filter>
    </ClInclude>
    <ClInclude Include="stdafx.h">
      <Filter>소스 파일\Stdafx</Filter>
    </ClInclude>
    <ClInclude Include="cGrid.h">
      <Filter>소스 파일\Function\Grid</Filter>
    </ClInclude>
    <ClInclude Include="cMainGame.h">
      <Filter>소스 파일\MainGame</Filter>
    </ClInclude>
    <ClInclude Include="cDeviceManager.h">
      <Filter>소스 파일\Manager\DeviceManager</Filter>
    </ClInclude>
    <ClInclude Include="cCamera.h">
      <Filter>소스 파일\Function\Carmera</Filter>
    </ClInclude>
    <ClInclude Include="cCrtController.h">
      <Filter>소스 파일\Function\Control</Filter>
    </ClInclude>
    <ClInclude Include="cMtlTex.h">
      <Filter>소스 파일\Function\MtlTex</Filter>
    </ClInclude>
    <ClInclude Include="cObject.h">
      <Filter>소스 파일\Function\Object</Filter>
    </ClInclude>
    <ClInclude Include="cAutoReleasePool.h">
      <Filter>소스 파일\Function\Object\AutoReleasePool</Filter>
    </ClInclude>
    <ClInclude Include="cTextureManager.h">
      <Filter>소스 파일\Manager\TextureManager</Filter>
    </ClInclude>
    <ClInclude Include="cTimeManager.h">
      <Filter>소스 파일\Manager\TimeManager</Filter>
    </ClInclude>
    <ClInclude Include="cAllocateHierarchy.h">
      <Filter>소스 파일\Function\xFile\AllocateHierarchy</Filter>
    </ClInclude>
    <ClInclude Include="cSkinnedMesh.h">
      <Filter>소스 파일\Function\xFile\SkinnedMesh</Filter>
    </ClInclude>
    <ClInclude Include="cSkinnedMeshManager.h">
      <Filter>소스 파일\Manager\SkinnedMeshManager</Filter>
    </ClInclude>
    <ClInclude Include="MultiAnimation.hpp">
      <Filter>헤더 파일</Filter>
    </ClInclude>
    <ClInclude Include="keyManager.h">
      <Filter>소스 파일\Manager\KeyManager</Filter>
    </ClInclude>
    <ClInclude Include="singletonBase.h">
      <Filter>헤더 파일</Filter>
    </ClInclude>
    <ClInclude Include="cFrustum.h">
      <Filter>소스 파일\Function\Frustum</Filter>
    </ClInclude>
    <ClInclude Include="cGroup.h">
      <Filter>소스 파일\Map Test\Group</Filter>
    </ClInclude>
    <ClInclude Include="cObjLoader.h">
      <Filter>소스 파일\Map Test\Load</Filter>
    </ClInclude>
    <ClInclude Include="cFontManager.h">
      <Filter>소스 파일\Manager\FontManager</Filter>
    </ClInclude>
    <ClInclude Include="cBoundBox.h">
      <Filter>소스 파일\Function\BoundBox</Filter>
    </ClInclude>
  </ItemGroup>
  <ItemGroup>
    <ClCompile Include="3D.cpp">
      <Filter>헤더 파일</Filter>
    </ClCompile>
    <ClCompile Include="stdafx.cpp">
      <Filter>소스 파일\Stdafx</Filter>
    </ClCompile>
    <ClCompile Include="cGrid.cpp">
      <Filter>소스 파일\Function\Grid</Filter>
    </ClCompile>
    <ClCompile Include="cMainGame.cpp">
      <Filter>소스 파일\MainGame</Filter>
    </ClCompile>
    <ClCompile Include="cDeviceManager.cpp">
      <Filter>소스 파일\Manager\DeviceManager</Filter>
    </ClCompile>
    <ClCompile Include="cCamera.cpp">
      <Filter>소스 파일\Function\Carmera</Filter>
    </ClCompile>
    <ClCompile Include="cCrtController.cpp">
      <Filter>소스 파일\Function\Control</Filter>
    </ClCompile>
    <ClCompile Include="cMtlTex.cpp">
      <Filter>소스 파일\Function\MtlTex</Filter>
    </ClCompile>
    <ClCompile Include="cObject.cpp">
      <Filter>소스 파일\Function\Object</Filter>
    </ClCompile>
    <ClCompile Include="cAutoReleasePool.cpp">
      <Filter>소스 파일\Function\Object\AutoReleasePool</Filter>
    </ClCompile>
    <ClCompile Include="cTextureManager.cpp">
      <Filter>소스 파일\Manager\TextureManager</Filter>
    </ClCompile>
    <ClCompile Include="cTimeManager.cpp">
      <Filter>소스 파일\Manager\TimeManager</Filter>
    </ClCompile>
    <ClCompile Include="cAllocateHierarchy.cpp">
      <Filter>소스 파일\Function\xFile\AllocateHierarchy</Filter>
    </ClCompile>
    <ClCompile Include="cSkinnedMesh.cpp">
      <Filter>소스 파일\Function\xFile\SkinnedMesh</Filter>
    </ClCompile>
    <ClCompile Include="cSkinnedMeshManager.cpp">
      <Filter>소스 파일\Manager\SkinnedMeshManager</Filter>
    </ClCompile>
    <ClCompile Include="keyManager.cpp">
      <Filter>소스 파일\Manager\KeyManager</Filter>
    </ClCompile>
    <ClCompile Include="cFrustum.cpp">
      <Filter>소스 파일\Function\Frustum</Filter>
    </ClCompile>
    <ClCompile Include="cGroup.cpp">
      <Filter>소스 파일\Map Test\Group</Filter>
    </ClCompile>
    <ClCompile Include="cObjLoader.cpp">
      <Filter>소스 파일\Map Test\Load</Filter>
    </ClCompile>
    <ClCompile Include="cFontManager.cpp">
      <Filter>소스 파일\Manager\FontManager</Filter>
    </ClCompile>
    <ClCompile Include="cBoundBox.cpp">
      <Filter>소스 파일\Function\BoundBox</Filter>
    </ClCompile>
  </ItemGroup>
  <ItemGroup>
    <ResourceCompile Include="3D.rc">
      <Filter>리소스 파일</Filter>
    </ResourceCompile>
  </ItemGroup>
  <ItemGroup>
    <Image Include="small.ico">
      <Filter>리소스 파일</Filter>
    </Image>
    <Image Include="3D.ico">
      <Filter>리소스 파일</Filter>
    </Image>
  </ItemGroup>
</Project>