
Microsoft Visual Studio Solution File, Format Version 11.00
# Visual Studio 2012
Project("{8BC9CEB8-8B4A-11D0-8D11-00A0C91BC942}") = "3d", "3d.vcxproj", "{384858A8-ACEB-4FC5-A8DE-3F8651E0A3FB}"
EndProject
Project("{8BC9CEB8-8B4A-11D0-8D11-00A0C91BC942}") = "asyncio", "asyncio.vcxproj", "{9C13F63C-A242-48DE-B6E2-970F669F4CDD}"
EndProject
Project("{8BC9CEB8-8B4A-11D0-8D11-00A0C91BC942}") = "channel_groups", "channel_groups.vcxproj", "{A065EB5F-C7AF-4079-98A4-0F52B79D4BBE}"
EndProject
Project("{8BC9CEB8-8B4A-11D0-8D11-00A0C91BC942}") = "convolution_reverb", "convolution_reverb.vcxproj", "{BE1F00A3-CE21-4A09-838D-AD859DFD6881}"
EndProject
Project("{8BC9CEB8-8B4A-11D0-8D11-00A0C91BC942}") = "dsp_custom", "dsp_custom.vcxproj", "{301AE3B5-268B-41FE-A11E-CE5FAC55B641}"
EndProject
Project("{8BC9CEB8-8B4A-11D0-8D11-00A0C91BC942}") = "dsp_effect_per_speaker", "dsp_effect_per_speaker.vcxproj", "{4CBDA6EA-658E-4DB6-8995-87A40BCAFC50}"
EndProject
Project("{8BC9CEB8-8B4A-11D0-8D11-00A0C91BC942}") = "dsp_inspector", "dsp_inspector.vcxproj", "{B8F1FEFD-0388-47F3-84D4-398A8E1C58F3}"
EndProject
Project("{8BC9CEB8-8B4A-11D0-8D11-00A0C91BC942}") = "effects", "effects.vcxproj", "{0D9BE810-616A-418D-872B-D76AEA23FD84}"
EndProject
Project("{8BC9CEB8-8B4A-11D0-8D11-00A0C91BC942}") = "gapless_playback", "gapless_playback.vcxproj", "{02E5FA4C-FE18-4016-81AA-077E14EE7740}"
EndProject
Project("{8BC9CEB8-8B4A-11D0-8D11-00A0C91BC942}") = "generate_tone", "generate_tone.vcxproj", "{6636DE3C-2712-4FAF-B1F2-E603C68C1B5E}"
EndProject
Project("{8BC9CEB8-8B4A-11D0-8D11-00A0C91BC942}") = "granular_synth", "granular_synth.vcxproj", "{63755C1C-D2B0-4A4E-A8AF-C1EFF6164BD7}"
EndProject
Project("{8BC9CEB8-8B4A-11D0-8D11-00A0C91BC942}") = "load_from_memory", "load_from_memory.vcxproj", "{2D5CCBD1-AFD6-4A8C-9E21-16FD1D3C0B0B}"
EndProject
Project("{8BC9CEB8-8B4A-11D0-8D11-00A0C91BC942}") = "multiple_speaker", "multiple_speaker.vcxproj", "{A949C201-447B-469D-8471-8D229E499893}"
EndProject
Project("{8BC9CEB8-8B4A-11D0-8D11-00A0C91BC942}") = "multiple_system", "multiple_system.vcxproj", "{FDDEAF3A-572C-4C6E-8FD6-BCCEDDCC0108}"
EndProject
Project("{8BC9CEB8-8B4A-11D0-8D11-00A0C91BC942}") = "net_stream", "net_stream.vcxproj", "{0302A916-0FC3-40C4-8CB8-CB2EE2C0DA4D}"
EndProject
Project("{8BC9CEB8-8B4A-11D0-8D11-00A0C91BC942}") = "play_sound", "play_sound.vcxproj", "{9636B83E-8CD4-41DE-A3CE-ADDEE65418DE}"
EndProject
Project("{8BC9CEB8-8B4A-11D0-8D11-00A0C91BC942}") = "play_stream", "play_stream.vcxproj", "{0BAC16F2-C6C8-4905-AD9A-BD6B405086F6}"
EndProject
Project("{8BC9CEB8-8B4A-11D0-8D11-00A0C91BC942}") = "record", "record.vcxproj", "{FFDCAD7A-D122-458C-910D-117D794493CC}"
EndProject
Project("{8BC9CEB8-8B4A-11D0-8D11-00A0C91BC942}") = "record_enumeration", "record_enumeration.vcxproj", "{FFA3AD23-942D-46D1-946D-6CE65A7B305D}"
EndProject
Project("{8BC9CEB8-8B4A-11D0-8D11-00A0C91BC942}") = "user_created_sound", "user_created_sound.vcxproj", "{CFF3887E-A257-4CA6-96E4-C29CBC29036F}"
EndProject
Project("{8BC9CEB8-8B4A-11D0-8D11-00A0C91BC942}") = "fmod_codec_raw", "fmod_codec_raw.vcxproj", "{05BCB364-5E94-440B-B538-045A07F2CA3D}"
EndProject
Project("{8BC9CEB8-8B4A-11D0-8D11-00A0C91BC942}") = "fmod_distance_filter", "fmod_distance_filter.vcxproj", "{622793F2-BA40-4BD9-98F6-59D19BFBA41B}"
EndProject
Project("{8BC9CEB8-8B4A-11D0-8D11-00A0C91BC942}") = "fmod_gain", "fmod_gain.vcxproj", "{C4218E9F-70CB-4FF6-B271-9EC02B6EFF03}"
EndProject
Project("{8BC9CEB8-8B4A-11D0-8D11-00A0C91BC942}") = "fmod_noise", "fmod_noise.vcxproj", "{9E6F3678-4376-4C84-A545-AD0CBE5D807D}"
EndProject
Project("{8BC9CEB8-8B4A-11D0-8D11-00A0C91BC942}") = "output_mp3", "output_mp3.vcxproj", "{834E9B40-2E02-4F2E-B11D-9FD30EC18C60}"
EndProject
Global
	GlobalSection(SolutionConfigurationPlatforms) = preSolution
		Debug|Win32 = Debug|Win32
		Debug|x64 = Debug|x64
		Release|Win32 = Release|Win32
		Release|x64 = Release|x64
	EndGlobalSection
	GlobalSection(ProjectConfigurationPlatforms) = postSolution
		{384858A8-ACEB-4FC5-A8DE-3F8651E0A3FB}.Debug|Win32.ActiveCfg = Debug|Win32
		{384858A8-ACEB-4FC5-A8DE-3F8651E0A3FB}.Debug|Win32.Build.0 = Debug|Win32
		{384858A8-ACEB-4FC5-A8DE-3F8651E0A3FB}.Debug|Win32.Deploy.0 = Debug|Win32
		{384858A8-ACEB-4FC5-A8DE-3F8651E0A3FB}.Debug|x64.ActiveCfg = Debug|x64
		{384858A8-ACEB-4FC5-A8DE-3F8651E0A3FB}.Debug|x64.Build.0 = Debug|x64
		{384858A8-ACEB-4FC5-A8DE-3F8651E0A3FB}.Debug|x64.Deploy.0 = Debug|x64
		{384858A8-ACEB-4FC5-A8DE-3F8651E0A3FB}.Release|Win32.ActiveCfg = Release|Win32
		{384858A8-ACEB-4FC5-A8DE-3F8651E0A3FB}.Release|Win32.Build.0 = Release|Win32
		{384858A8-ACEB-4FC5-A8DE-3F8651E0A3FB}.Release|Win32.Deploy.0 = Release|Win32
		{384858A8-ACEB-4FC5-A8DE-3F8651E0A3FB}.Release|x64.ActiveCfg = Release|x64
		{384858A8-ACEB-4FC5-A8DE-3F8651E0A3FB}.Release|x64.Build.0 = Release|x64
		{384858A8-ACEB-4FC5-A8DE-3F8651E0A3FB}.Release|x64.Deploy.0 = Release|x64
		{9C13F63C-A242-48DE-B6E2-970F669F4CDD}.Debug|Win32.ActiveCfg = Debug|Win32
		{9C13F63C-A242-48DE-B6E2-970F669F4CDD}.Debug|Win32.Build.0 = Debug|Win32
		{9C13F63C-A242-48DE-B6E2-970F669F4CDD}.Debug|Win32.Deploy.0 = Debug|Win32
		{9C13F63C-A242-48DE-B6E2-970F669F4CDD}.Debug|x64.ActiveCfg = Debug|x64
		{9C13F63C-A242-48DE-B6E2-970F669F4CDD}.Debug|x64.Build.0 = Debug|x64
		{9C13F63C-A242-48DE-B6E2-970F669F4CDD}.Debug|x64.Deploy.0 = Debug|x64
		{9C13F63C-A242-48DE-B6E2-970F669F4CDD}.Release|Win32.ActiveCfg = Release|Win32
		{9C13F63C-A242-48DE-B6E2-970F669F4CDD}.Release|Win32.Build.0 = Release|Win32
		{9C13F63C-A242-48DE-B6E2-970F669F4CDD}.Release|Win32.Deploy.0 = Release|Win32
		{9C13F63C-A242-48DE-B6E2-970F669F4CDD}.Release|x64.ActiveCfg = Release|x64
		{9C13F63C-A242-48DE-B6E2-970F669F4CDD}.Release|x64.Build.0 = Release|x64
		{9C13F63C-A242-48DE-B6E2-970F669F4CDD}.Release|x64.Deploy.0 = Release|x64
		{A065EB5F-C7AF-4079-98A4-0F52B79D4BBE}.Debug|Win32.ActiveCfg = Debug|Win32
		{A065EB5F-C7AF-4079-98A4-0F52B79D4BBE}.Debug|Win32.Build.0 = Debug|Win32
		{A065EB5F-C7AF-4079-98A4-0F52B79D4BBE}.Debug|Win32.Deploy.0 = Debug|Win32
		{A065EB5F-C7AF-4079-98A4-0F52B79D4BBE}.Debug|x64.ActiveCfg = Debug|x64
		{A065EB5F-C7AF-4079-98A4-0F52B79D4BBE}.Debug|x64.Build.0 = Debug|x64
		{A065EB5F-C7AF-4079-98A4-0F52B79D4BBE}.Debug|x64.Deploy.0 = Debug|x64
		{A065EB5F-C7AF-4079-98A4-0F52B79D4BBE}.Release|Win32.ActiveCfg = Release|Win32
		{A065EB5F-C7AF-4079-98A4-0F52B79D4BBE}.Release|Win32.Build.0 = Release|Win32
		{A065EB5F-C7AF-4079-98A4-0F52B79D4BBE}.Release|Win32.Deploy.0 = Release|Win32
		{A065EB5F-C7AF-4079-98A4-0F52B79D4BBE}.Release|x64.ActiveCfg = Release|x64
		{A065EB5F-C7AF-4079-98A4-0F52B79D4BBE}.Release|x64.Build.0 = Release|x64
		{A065EB5F-C7AF-4079-98A4-0F52B79D4BBE}.Release|x64.Deploy.0 = Release|x64
		{BE1F00A3-CE21-4A09-838D-AD859DFD6881}.Debug|Win32.ActiveCfg = Debug|Win32
		{BE1F00A3-CE21-4A09-838D-AD859DFD6881}.Debug|Win32.Build.0 = Debug|Win32
		{BE1F00A3-CE21-4A09-838D-AD859DFD6881}.Debug|Win32.Deploy.0 = Debug|Win32
		{BE1F00A3-CE21-4A09-838D-AD859DFD6881}.Debug|x64.ActiveCfg = Debug|x64
		{BE1F00A3-CE21-4A09-838D-AD859DFD6881}.Debug|x64.Build.0 = Debug|x64
		{BE1F00A3-CE21-4A09-838D-AD859DFD6881}.Debug|x64.Deploy.0 = Debug|x64
		{BE1F00A3-CE21-4A09-838D-AD859DFD6881}.Release|Win32.ActiveCfg = Release|Win32
		{BE1F00A3-CE21-4A09-838D-AD859DFD6881}.Release|Win32.Build.0 = Release|Win32
		{BE1F00A3-CE21-4A09-838D-AD859DFD6881}.Release|Win32.Deploy.0 = Release|Win32
		{BE1F00A3-CE21-4A09-838D-AD859DFD6881}.Release|x64.ActiveCfg = Release|x64
		{BE1F00A3-CE21-4A09-838D-AD859DFD6881}.Release|x64.Build.0 = Release|x64
		{BE1F00A3-CE21-4A09-838D-AD859DFD6881}.Release|x64.Deploy.0 = Release|x64
		{301AE3B5-268B-41FE-A11E-CE5FAC55B641}.Debug|Win32.ActiveCfg = Debug|Win32
		{301AE3B5-268B-41FE-A11E-CE5FAC55B641}.Debug|Win32.Build.0 = Debug|Win32
		{301AE3B5-268B-41FE-A11E-CE5FAC55B641}.Debug|Win32.Deploy.0 = Debug|Win32
		{301AE3B5-268B-41FE-A11E-CE5FAC55B641}.Debug|x64.ActiveCfg = Debug|x64
		{301AE3B5-268B-41FE-A11E-CE5FAC55B641}.Debug|x64.Build.0 = Debug|x64
		{301AE3B5-268B-41FE-A11E-CE5FAC55B641}.Debug|x64.Deploy.0 = Debug|x64
		{301AE3B5-268B-41FE-A11E-CE5FAC55B641}.Release|Win32.ActiveCfg = Release|Win32
		{301AE3B5-268B-41FE-A11E-CE5FAC55B641}.Release|Win32.Build.0 = Release|Win32
		{301AE3B5-268B-41FE-A11E-CE5FAC55B641}.Release|Win32.Deploy.0 = Release|Win32
		{301AE3B5-268B-41FE-A11E-CE5FAC55B641}.Release|x64.ActiveCfg = Release|x64
		{301AE3B5-268B-41FE-A11E-CE5FAC55B641}.Release|x64.Build.0 = Release|x64
		{301AE3B5-268B-41FE-A11E-CE5FAC55B641}.Release|x64.Deploy.0 = Release|x64
		{4CBDA6EA-658E-4DB6-8995-87A40BCAFC50}.Debug|Win32.ActiveCfg = Debug|Win32
		{4CBDA6EA-658E-4DB6-8995-87A40BCAFC50}.Debug|Win32.Build.0 = Debug|Win32
		{4CBDA6EA-658E-4DB6-8995-87A40BCAFC50}.Debug|Win32.Deploy.0 = Debug|Win32
		{4CBDA6EA-658E-4DB6-8995-87A40BCAFC50}.Debug|x64.ActiveCfg = Debug|x64
		{4CBDA6EA-658E-4DB6-8995-87A40BCAFC50}.Debug|x64.Build.0 = Debug|x64
		{4CBDA6EA-658E-4DB6-8995-87A40BCAFC50}.Debug|x64.Deploy.0 = Debug|x64
		{4CBDA6EA-658E-4DB6-8995-87A40BCAFC50}.Release|Win32.ActiveCfg = Release|Win32
		{4CBDA6EA-658E-4DB6-8995-87A40BCAFC50}.Release|Win32.Build.0 = Release|Win32
		{4CBDA6EA-658E-4DB6-8995-87A40BCAFC50}.Release|Win32.Deploy.0 = Release|Win32
		{4CBDA6EA-658E-4DB6-8995-87A40BCAFC50}.Release|x64.ActiveCfg = Release|x64
		{4CBDA6EA-658E-4DB6-8995-87A40BCAFC50}.Release|x64.Build.0 = Release|x64
		{4CBDA6EA-658E-4DB6-8995-87A40BCAFC50}.Release|x64.Deploy.0 = Release|x64
		{B8F1FEFD-0388-47F3-84D4-398A8E1C58F3}.Debug|Win32.ActiveCfg = Debug|Win32
		{B8F1FEFD-0388-47F3-84D4-398A8E1C58F3}.Debug|Win32.Build.0 = Debug|Win32
		{B8F1FEFD-0388-47F3-84D4-398A8E1C58F3}.Debug|Win32.Deploy.0 = Debug|Win32
		{B8F1FEFD-0388-47F3-84D4-398A8E1C58F3}.Debug|x64.ActiveCfg = Debug|x64
		{B8F1FEFD-0388-47F3-84D4-398A8E1C58F3}.Debug|x64.Build.0 = Debug|x64
		{B8F1FEFD-0388-47F3-84D4-398A8E1C58F3}.Debug|x64.Deploy.0 = Debug|x64
		{B8F1FEFD-0388-47F3-84D4-398A8E1C58F3}.Release|Win32.ActiveCfg = Release|Win32
		{B8F1FEFD-0388-47F3-84D4-398A8E1C58F3}.Release|Win32.Build.0 = Release|Win32
		{B8F1FEFD-0388-47F3-84D4-398A8E1C58F3}.Release|Win32.Deploy.0 = Release|Win32
		{B8F1FEFD-0388-47F3-84D4-398A8E1C58F3}.Release|x64.ActiveCfg = Release|x64
		{B8F1FEFD-0388-47F3-84D4-398A8E1C58F3}.Release|x64.Build.0 = Release|x64
		{B8F1FEFD-0388-47F3-84D4-398A8E1C58F3}.Release|x64.Deploy.0 = Release|x64
		{0D9BE810-616A-418D-872B-D76AEA23FD84}.Debug|Win32.ActiveCfg = Debug|Win32
		{0D9BE810-616A-418D-872B-D76AEA23FD84}.Debug|Win32.Build.0 = Debug|Win32
		{0D9BE810-616A-418D-872B-D76AEA23FD84}.Debug|Win32.Deploy.0 = Debug|Win32
		{0D9BE810-616A-418D-872B-D76AEA23FD84}.Debug|x64.ActiveCfg = Debug|x64
		{0D9BE810-616A-418D-872B-D76AEA23FD84}.Debug|x64.Build.0 = Debug|x64
		{0D9BE810-616A-418D-872B-D76AEA23FD84}.Debug|x64.Deploy.0 = Debug|x64
		{0D9BE810-616A-418D-872B-D76AEA23FD84}.Release|Win32.ActiveCfg = Release|Win32
		{0D9BE810-616A-418D-872B-D76AEA23FD84}.Release|Win32.Build.0 = Release|Win32
		{0D9BE810-616A-418D-872B-D76AEA23FD84}.Release|Win32.Deploy.0 = Release|Win32
		{0D9BE810-616A-418D-872B-D76AEA23FD84}.Release|x64.ActiveCfg = Release|x64
		{0D9BE810-616A-418D-872B-D76AEA23FD84}.Release|x64.Build.0 = Release|x64
		{0D9BE810-616A-418D-872B-D76AEA23FD84}.Release|x64.Deploy.0 = Release|x64
		{02E5FA4C-FE18-4016-81AA-077E14EE7740}.Debug|Win32.ActiveCfg = Debug|Win32
		{02E5FA4C-FE18-4016-81AA-077E14EE7740}.Debug|Win32.Build.0 = Debug|Win32
		{02E5FA4C-FE18-4016-81AA-077E14EE7740}.Debug|Win32.Deploy.0 = Debug|Win32
		{02E5FA4C-FE18-4016-81AA-077E14EE7740}.Debug|x64.ActiveCfg = Debug|x64
		{02E5FA4C-FE18-4016-81AA-077E14EE7740}.Debug|x64.Build.0 = Debug|x64
		{02E5FA4C-FE18-4016-81AA-077E14EE7740}.Debug|x64.Deploy.0 = Debug|x64
		{02E5FA4C-FE18-4016-81AA-077E14EE7740}.Release|Win32.ActiveCfg = Release|Win32
		{02E5FA4C-FE18-4016-81AA-077E14EE7740}.Release|Win32.Build.0 = Release|Win32
		{02E5FA4C-FE18-4016-81AA-077E14EE7740}.Release|Win32.Deploy.0 = Release|Win32
		{02E5FA4C-FE18-4016-81AA-077E14EE7740}.Release|x64.ActiveCfg = Release|x64
		{02E5FA4C-FE18-4016-81AA-077E14EE7740}.Release|x64.Build.0 = Release|x64
		{02E5FA4C-FE18-4016-81AA-077E14EE7740}.Release|x64.Deploy.0 = Release|x64
		{6636DE3C-2712-4FAF-B1F2-E603C68C1B5E}.Debug|Win32.ActiveCfg = Debug|Win32
		{6636DE3C-2712-4FAF-B1F2-E603C68C1B5E}.Debug|Win32.Build.0 = Debug|Win32
		{6636DE3C-2712-4FAF-B1F2-E603C68C1B5E}.Debug|Win32.Deploy.0 = Debug|Win32
		{6636DE3C-2712-4FAF-B1F2-E603C68C1B5E}.Debug|x64.ActiveCfg = Debug|x64
		{6636DE3C-2712-4FAF-B1F2-E603C68C1B5E}.Debug|x64.Build.0 = Debug|x64
		{6636DE3C-2712-4FAF-B1F2-E603C68C1B5E}.Debug|x64.Deploy.0 = Debug|x64
		{6636DE3C-2712-4FAF-B1F2-E603C68C1B5E}.Release|Win32.ActiveCfg = Release|Win32
		{6636DE3C-2712-4FAF-B1F2-E603C68C1B5E}.Release|Win32.Build.0 = Release|Win32
		{6636DE3C-2712-4FAF-B1F2-E603C68C1B5E}.Release|Win32.Deploy.0 = Release|Win32
		{6636DE3C-2712-4FAF-B1F2-E603C68C1B5E}.Release|x64.ActiveCfg = Release|x64
		{6636DE3C-2712-4FAF-B1F2-E603C68C1B5E}.Release|x64.Build.0 = Release|x64
		{6636DE3C-2712-4FAF-B1F2-E603C68C1B5E}.Release|x64.Deploy.0 = Release|x64
		{63755C1C-D2B0-4A4E-A8AF-C1EFF6164BD7}.Debug|Win32.ActiveCfg = Debug|Win32
		{63755C1C-D2B0-4A4E-A8AF-C1EFF6164BD7}.Debug|Win32.Build.0 = Debug|Win32
		{63755C1C-D2B0-4A4E-A8AF-C1EFF6164BD7}.Debug|Win32.Deploy.0 = Debug|Win32
		{63755C1C-D2B0-4A4E-A8AF-C1EFF6164BD7}.Debug|x64.ActiveCfg = Debug|x64
		{63755C1C-D2B0-4A4E-A8AF-C1EFF6164BD7}.Debug|x64.Build.0 = Debug|x64
		{63755C1C-D2B0-4A4E-A8AF-C1EFF6164BD7}.Debug|x64.Deploy.0 = Debug|x64
		{63755C1C-D2B0-4A4E-A8AF-C1EFF6164BD7}.Release|Win32.ActiveCfg = Release|Win32
		{63755C1C-D2B0-4A4E-A8AF-C1EFF6164BD7}.Release|Win32.Build.0 = Release|Win32
		{63755C1C-D2B0-4A4E-A8AF-C1EFF6164BD7}.Release|Win32.Deploy.0 = Release|Win32
		{63755C1C-D2B0-4A4E-A8AF-C1EFF6164BD7}.Release|x64.ActiveCfg = Release|x64
		{63755C1C-D2B0-4A4E-A8AF-C1EFF6164BD7}.Release|x64.Build.0 = Release|x64
		{63755C1C-D2B0-4A4E-A8AF-C1EFF6164BD7}.Release|x64.Deploy.0 = Release|x64
		{2D5CCBD1-AFD6-4A8C-9E21-16FD1D3C0B0B}.Debug|Win32.ActiveCfg = Debug|Win32
		{2D5CCBD1-AFD6-4A8C-9E21-16FD1D3C0B0B}.Debug|Win32.Build.0 = Debug|Win32
		{2D5CCBD1-AFD6-4A8C-9E21-16FD1D3C0B0B}.Debug|Win32.Deploy.0 = Debug|Win32
		{2D5CCBD1-AFD6-4A8C-9E21-16FD1D3C0B0B}.Debug|x64.ActiveCfg = Debug|x64
		{2D5CCBD1-AFD6-4A8C-9E21-16FD1D3C0B0B}.Debug|x64.Build.0 = Debug|x64
		{2D5CCBD1-AFD6-4A8C-9E21-16FD1D3C0B0B}.Debug|x64.Deploy.0 = Debug|x64
		{2D5CCBD1-AFD6-4A8C-9E21-16FD1D3C0B0B}.Release|Win32.ActiveCfg = Release|Win32
		{2D5CCBD1-AFD6-4A8C-9E21-16FD1D3C0B0B}.Release|Win32.Build.0 = Release|Win32
		{2D5CCBD1-AFD6-4A8C-9E21-16FD1D3C0B0B}.Release|Win32.Deploy.0 = Release|Win32
		{2D5CCBD1-AFD6-4A8C-9E21-16FD1D3C0B0B}.Release|x64.ActiveCfg = Release|x64
		{2D5CCBD1-AFD6-4A8C-9E21-16FD1D3C0B0B}.Release|x64.Build.0 = Release|x64
		{2D5CCBD1-AFD6-4A8C-9E21-16FD1D3C0B0B}.Release|x64.Deploy.0 = Release|x64
		{A949C201-447B-469D-8471-8D229E499893}.Debug|Win32.ActiveCfg = Debug|Win32
		{A949C201-447B-469D-8471-8D229E499893}.Debug|Win32.Build.0 = Debug|Win32
		{A949C201-447B-469D-8471-8D229E499893}.Debug|Win32.Deploy.0 = Debug|Win32
		{A949C201-447B-469D-8471-8D229E499893}.Debug|x64.ActiveCfg = Debug|x64
		{A949C201-447B-469D-8471-8D229E499893}.Debug|x64.Build.0 = Debug|x64
		{A949C201-447B-469D-8471-8D229E499893}.Debug|x64.Deploy.0 = Debug|x64
		{A949C201-447B-469D-8471-8D229E499893}.Release|Win32.ActiveCfg = Release|Win32
		{A949C201-447B-469D-8471-8D229E499893}.Release|Win32.Build.0 = Release|Win32
		{A949C201-447B-469D-8471-8D229E499893}.Release|Win32.Deploy.0 = Release|Win32
		{A949C201-447B-469D-8471-8D229E499893}.Release|x64.ActiveCfg = Release|x64
		{A949C201-447B-469D-8471-8D229E499893}.Release|x64.Build.0 = Release|x64
		{A949C201-447B-469D-8471-8D229E499893}.Release|x64.Deploy.0 = Release|x64
		{FDDEAF3A-572C-4C6E-8FD6-BCCEDDCC0108}.Debug|Win32.ActiveCfg = Debug|Win32
		{FDDEAF3A-572C-4C6E-8FD6-BCCEDDCC0108}.Debug|Win32.Build.0 = Debug|Win32
		{FDDEAF3A-572C-4C6E-8FD6-BCCEDDCC0108}.Debug|Win32.Deploy.0 = Debug|Win32
		{FDDEAF3A-572C-4C6E-8FD6-BCCEDDCC0108}.Debug|x64.ActiveCfg = Debug|x64
		{FDDEAF3A-572C-4C6E-8FD6-BCCEDDCC0108}.Debug|x64.Build.0 = Debug|x64
		{FDDEAF3A-572C-4C6E-8FD6-BCCEDDCC0108}.Debug|x64.Deploy.0 = Debug|x64
		{FDDEAF3A-572C-4C6E-8FD6-BCCEDDCC0108}.Release|Win32.ActiveCfg = Release|Win32
		{FDDEAF3A-572C-4C6E-8FD6-BCCEDDCC0108}.Release|Win32.Build.0 = Release|Win32
		{FDDEAF3A-572C-4C6E-8FD6-BCCEDDCC0108}.Release|Win32.Deploy.0 = Release|Win32
		{FDDEAF3A-572C-4C6E-8FD6-BCCEDDCC0108}.Release|x64.ActiveCfg = Release|x64
		{FDDEAF3A-572C-4C6E-8FD6-BCCEDDCC0108}.Release|x64.Build.0 = Release|x64
		{FDDEAF3A-572C-4C6E-8FD6-BCCEDDCC0108}.Release|x64.Deploy.0 = Release|x64
		{0302A916-0FC3-40C4-8CB8-CB2EE2C0DA4D}.Debug|Win32.ActiveCfg = Debug|Win32
		{0302A916-0FC3-40C4-8CB8-CB2EE2C0DA4D}.Debug|Win32.Build.0 = Debug|Win32
		{0302A916-0FC3-40C4-8CB8-CB2EE2C0DA4D}.Debug|Win32.Deploy.0 = Debug|Win32
		{0302A916-0FC3-40C4-8CB8-CB2EE2C0DA4D}.Debug|x64.ActiveCfg = Debug|x64
		{0302A916-0FC3-40C4-8CB8-CB2EE2C0DA4D}.Debug|x64.Build.0 = Debug|x64
		{0302A916-0FC3-40C4-8CB8-CB2EE2C0DA4D}.Debug|x64.Deploy.0 = Debug|x64
		{0302A916-0FC3-40C4-8CB8-CB2EE2C0DA4D}.Release|Win32.ActiveCfg = Release|Win32
		{0302A916-0FC3-40C4-8CB8-CB2EE2C0DA4D}.Release|Win32.Build.0 = Release|Win32
		{0302A916-0FC3-40C4-8CB8-CB2EE2C0DA4D}.Release|Win32.Deploy.0 = Release|Win32
		{0302A916-0FC3-40C4-8CB8-CB2EE2C0DA4D}.Release|x64.ActiveCfg = Release|x64
		{0302A916-0FC3-40C4-8CB8-CB2EE2C0DA4D}.Release|x64.Build.0 = Release|x64
		{0302A916-0FC3-40C4-8CB8-CB2EE2C0DA4D}.Release|x64.Deploy.0 = Release|x64
		{9636B83E-8CD4-41DE-A3CE-ADDEE65418DE}.Debug|Win32.ActiveCfg = Debug|Win32
		{9636B83E-8CD4-41DE-A3CE-ADDEE65418DE}.Debug|Win32.Build.0 = Debug|Win32
		{9636B83E-8CD4-41DE-A3CE-ADDEE65418DE}.Debug|Win32.Deploy.0 = Debug|Win32
		{9636B83E-8CD4-41DE-A3CE-ADDEE65418DE}.Debug|x64.ActiveCfg = Debug|x64
		{9636B83E-8CD4-41DE-A3CE-ADDEE65418DE}.Debug|x64.Build.0 = Debug|x64
		{9636B83E-8CD4-41DE-A3CE-ADDEE65418DE}.Debug|x64.Deploy.0 = Debug|x64
		{9636B83E-8CD4-41DE-A3CE-ADDEE65418DE}.Release|Win32.ActiveCfg = Release|Win32
		{9636B83E-8CD4-41DE-A3CE-ADDEE65418DE}.Release|Win32.Build.0 = Release|Win32
		{9636B83E-8CD4-41DE-A3CE-ADDEE65418DE}.Release|Win32.Deploy.0 = Release|Win32
		{9636B83E-8CD4-41DE-A3CE-ADDEE65418DE}.Release|x64.ActiveCfg = Release|x64
		{9636B83E-8CD4-41DE-A3CE-ADDEE65418DE}.Release|x64.Build.0 = Release|x64
		{9636B83E-8CD4-41DE-A3CE-ADDEE65418DE}.Release|x64.Deploy.0 = Release|x64
		{0BAC16F2-C6C8-4905-AD9A-BD6B405086F6}.Debug|Win32.ActiveCfg = Debug|Win32
		{0BAC16F2-C6C8-4905-AD9A-BD6B405086F6}.Debug|Win32.Build.0 = Debug|Win32
		{0BAC16F2-C6C8-4905-AD9A-BD6B405086F6}.Debug|Win32.Deploy.0 = Debug|Win32
		{0BAC16F2-C6C8-4905-AD9A-BD6B405086F6}.Debug|x64.ActiveCfg = Debug|x64
		{0BAC16F2-C6C8-4905-AD9A-BD6B405086F6}.Debug|x64.Build.0 = Debug|x64
		{0BAC16F2-C6C8-4905-AD9A-BD6B405086F6}.Debug|x64.Deploy.0 = Debug|x64
		{0BAC16F2-C6C8-4905-AD9A-BD6B405086F6}.Release|Win32.ActiveCfg = Release|Win32
		{0BAC16F2-C6C8-4905-AD9A-BD6B405086F6}.Release|Win32.Build.0 = Release|Win32
		{0BAC16F2-C6C8-4905-AD9A-BD6B405086F6}.Release|Win32.Deploy.0 = Release|Win32
		{0BAC16F2-C6C8-4905-AD9A-BD6B405086F6}.Release|x64.ActiveCfg = Release|x64
		{0BAC16F2-C6C8-4905-AD9A-BD6B405086F6}.Release|x64.Build.0 = Release|x64
		{0BAC16F2-C6C8-4905-AD9A-BD6B405086F6}.Release|x64.Deploy.0 = Release|x64
		{FFDCAD7A-D122-458C-910D-117D794493CC}.Debug|Win32.ActiveCfg = Debug|Win32
		{FFDCAD7A-D122-458C-910D-117D794493CC}.Debug|Win32.Build.0 = Debug|Win32
		{FFDCAD7A-D122-458C-910D-117D794493CC}.Debug|Win32.Deploy.0 = Debug|Win32
		{FFDCAD7A-D122-458C-910D-117D794493CC}.Debug|x64.ActiveCfg = Debug|x64
		{FFDCAD7A-D122-458C-910D-117D794493CC}.Debug|x64.Build.0 = Debug|x64
		{FFDCAD7A-D122-458C-910D-117D794493CC}.Debug|x64.Deploy.0 = Debug|x64
		{FFDCAD7A-D122-458C-910D-117D794493CC}.Release|Win32.ActiveCfg = Release|Win32
		{FFDCAD7A-D122-458C-910D-117D794493CC}.Release|Win32.Build.0 = Release|Win32
		{FFDCAD7A-D122-458C-910D-117D794493CC}.Release|Win32.Deploy.0 = Release|Win32
		{FFDCAD7A-D122-458C-910D-117D794493CC}.Release|x64.ActiveCfg = Release|x64
		{FFDCAD7A-D122-458C-910D-117D794493CC}.Release|x64.Build.0 = Release|x64
		{FFDCAD7A-D122-458C-910D-117D794493CC}.Release|x64.Deploy.0 = Release|x64
		{FFA3AD23-942D-46D1-946D-6CE65A7B305D}.Debug|Win32.ActiveCfg = Debug|Win32
		{FFA3AD23-942D-46D1-946D-6CE65A7B305D}.Debug|Win32.Build.0 = Debug|Win32
		{FFA3AD23-942D-46D1-946D-6CE65A7B305D}.Debug|Win32.Deploy.0 = Debug|Win32
		{FFA3AD23-942D-46D1-946D-6CE65A7B305D}.Debug|x64.ActiveCfg = Debug|x64
		{FFA3AD23-942D-46D1-946D-6CE65A7B305D}.Debug|x64.Build.0 = Debug|x64
		{FFA3AD23-942D-46D1-946D-6CE65A7B305D}.Debug|x64.Deploy.0 = Debug|x64
		{FFA3AD23-942D-46D1-946D-6CE65A7B305D}.Release|Win32.ActiveCfg = Release|Win32
		{FFA3AD23-942D-46D1-946D-6CE65A7B305D}.Release|Win32.Build.0 = Release|Win32
		{FFA3AD23-942D-46D1-946D-6CE65A7B305D}.Release|Win32.Deploy.0 = Release|Win32
		{FFA3AD23-942D-46D1-946D-6CE65A7B305D}.Release|x64.ActiveCfg = Release|x64
		{FFA3AD23-942D-46D1-946D-6CE65A7B305D}.Release|x64.Build.0 = Release|x64
		{FFA3AD23-942D-46D1-946D-6CE65A7B305D}.Release|x64.Deploy.0 = Release|x64
		{CFF3887E-A257-4CA6-96E4-C29CBC29036F}.Debug|Win32.ActiveCfg = Debug|Win32
		{CFF3887E-A257-4CA6-96E4-C29CBC29036F}.Debug|Win32.Build.0 = Debug|Win32
		{CFF3887E-A257-4CA6-96E4-C29CBC29036F}.Debug|Win32.Deploy.0 = Debug|Win32
		{CFF3887E-A257-4CA6-96E4-C29CBC29036F}.Debug|x64.ActiveCfg = Debug|x64
		{CFF3887E-A257-4CA6-96E4-C29CBC29036F}.Debug|x64.Build.0 = Debug|x64
		{CFF3887E-A257-4CA6-96E4-C29CBC29036F}.Debug|x64.Deploy.0 = Debug|x64
		{CFF3887E-A257-4CA6-96E4-C29CBC29036F}.Release|Win32.ActiveCfg = Release|Win32
		{CFF3887E-A257-4CA6-96E4-C29CBC29036F}.Release|Win32.Build.0 = Release|Win32
		{CFF3887E-A257-4CA6-96E4-C29CBC29036F}.Release|Win32.Deploy.0 = Release|Win32
		{CFF3887E-A257-4CA6-96E4-C29CBC29036F}.Release|x64.ActiveCfg = Release|x64
		{CFF3887E-A257-4CA6-96E4-C29CBC29036F}.Release|x64.Build.0 = Release|x64
		{CFF3887E-A257-4CA6-96E4-C29CBC29036F}.Release|x64.Deploy.0 = Release|x64
		{05BCB364-5E94-440B-B538-045A07F2CA3D}.Debug|Win32.ActiveCfg = Debug|Win32
		{05BCB364-5E94-440B-B538-045A07F2CA3D}.Debug|Win32.Build.0 = Debug|Win32
		{05BCB364-5E94-440B-B538-045A07F2CA3D}.Debug|Win32.Deploy.0 = Debug|Win32
		{05BCB364-5E94-440B-B538-045A07F2CA3D}.Debug|x64.ActiveCfg = Debug|x64
		{05BCB364-5E94-440B-B538-045A07F2CA3D}.Debug|x64.Build.0 = Debug|x64
		{05BCB364-5E94-440B-B538-045A07F2CA3D}.Debug|x64.Deploy.0 = Debug|x64
		{05BCB364-5E94-440B-B538-045A07F2CA3D}.Release|Win32.ActiveCfg = Release|Win32
		{05BCB364-5E94-440B-B538-045A07F2CA3D}.Release|Win32.Build.0 = Release|Win32
		{05BCB364-5E94-440B-B538-045A07F2CA3D}.Release|Win32.Deploy.0 = Release|Win32
		{05BCB364-5E94-440B-B538-045A07F2CA3D}.Release|x64.ActiveCfg = Release|x64
		{05BCB364-5E94-440B-B538-045A07F2CA3D}.Release|x64.Build.0 = Release|x64
		{05BCB364-5E94-440B-B538-045A07F2CA3D}.Release|x64.Deploy.0 = Release|x64
		{622793F2-BA40-4BD9-98F6-59D19BFBA41B}.Debug|Win32.ActiveCfg = Debug|Win32
		{622793F2-BA40-4BD9-98F6-59D19BFBA41B}.Debug|Win32.Build.0 = Debug|Win32
		{622793F2-BA40-4BD9-98F6-59D19BFBA41B}.Debug|Win32.Deploy.0 = Debug|Win32
		{622793F2-BA40-4BD9-98F6-59D19BFBA41B}.Debug|x64.ActiveCfg = Debug|x64
		{622793F2-BA40-4BD9-98F6-59D19BFBA41B}.Debug|x64.Build.0 = Debug|x64
		{622793F2-BA40-4BD9-98F6-59D19BFBA41B}.Debug|x64.Deploy.0 = Debug|x64
		{622793F2-BA40-4BD9-98F6-59D19BFBA41B}.Release|Win32.ActiveCfg = Release|Win32
		{622793F2-BA40-4BD9-98F6-59D19BFBA41B}.Release|Win32.Build.0 = Release|Win32
		{622793F2-BA40-4BD9-98F6-59D19BFBA41B}.Release|Win32.Deploy.0 = Release|Win32
		{622793F2-BA40-4BD9-98F6-59D19BFBA41B}.Release|x64.ActiveCfg = Release|x64
		{622793F2-BA40-4BD9-98F6-59D19BFBA41B}.Release|x64.Build.0 = Release|x64
		{622793F2-BA40-4BD9-98F6-59D19BFBA41B}.Release|x64.Deploy.0 = Release|x64
		{C4218E9F-70CB-4FF6-B271-9EC02B6EFF03}.Debug|Win32.ActiveCfg = Debug|Win32
		{C4218E9F-70CB-4FF6-B271-9EC02B6EFF03}.Debug|Win32.Build.0 = Debug|Win32
		{C4218E9F-70CB-4FF6-B271-9EC02B6EFF03}.Debug|Win32.Deploy.0 = Debug|Win32
		{C4218E9F-70CB-4FF6-B271-9EC02B6EFF03}.Debug|x64.ActiveCfg = Debug|x64
		{C4218E9F-70CB-4FF6-B271-9EC02B6EFF03}.Debug|x64.Build.0 = Debug|x64
		{C4218E9F-70CB-4FF6-B271-9EC02B6EFF03}.Debug|x64.Deploy.0 = Debug|x64
		{C4218E9F-70CB-4FF6-B271-9EC02B6EFF03}.Release|Win32.ActiveCfg = Release|Win32
		{C4218E9F-70CB-4FF6-B271-9EC02B6EFF03}.Release|Win32.Build.0 = Release|Win32
		{C4218E9F-70CB-4FF6-B271-9EC02B6EFF03}.Release|Win32.Deploy.0 = Release|Win32
		{C4218E9F-70CB-4FF6-B271-9EC02B6EFF03}.Release|x64.ActiveCfg = Release|x64
		{C4218E9F-70CB-4FF6-B271-9EC02B6EFF03}.Release|x64.Build.0 = Release|x64
		{C4218E9F-70CB-4FF6-B271-9EC02B6EFF03}.Release|x64.Deploy.0 = Release|x64
		{9E6F3678-4376-4C84-A545-AD0CBE5D807D}.Debug|Win32.ActiveCfg = Debug|Win32
		{9E6F3678-4376-4C84-A545-AD0CBE5D807D}.Debug|Win32.Build.0 = Debug|Win32
		{9E6F3678-4376-4C84-A545-AD0CBE5D807D}.Debug|Win32.Deploy.0 = Debug|Win32
		{9E6F3678-4376-4C84-A545-AD0CBE5D807D}.Debug|x64.ActiveCfg = Debug|x64
		{9E6F3678-4376-4C84-A545-AD0CBE5D807D}.Debug|x64.Build.0 = Debug|x64
		{9E6F3678-4376-4C84-A545-AD0CBE5D807D}.Debug|x64.Deploy.0 = Debug|x64
		{9E6F3678-4376-4C84-A545-AD0CBE5D807D}.Release|Win32.ActiveCfg = Release|Win32
		{9E6F3678-4376-4C84-A545-AD0CBE5D807D}.Release|Win32.Build.0 = Release|Win32
		{9E6F3678-4376-4C84-A545-AD0CBE5D807D}.Release|Win32.Deploy.0 = Release|Win32
		{9E6F3678-4376-4C84-A545-AD0CBE5D807D}.Release|x64.ActiveCfg = Release|x64
		{9E6F3678-4376-4C84-A545-AD0CBE5D807D}.Release|x64.Build.0 = Release|x64
		{9E6F3678-4376-4C84-A545-AD0CBE5D807D}.Release|x64.Deploy.0 = Release|x64
		{834E9B40-2E02-4F2E-B11D-9FD30EC18C60}.Debug|Win32.ActiveCfg = Debug|Win32
		{834E9B40-2E02-4F2E-B11D-9FD30EC18C60}.Debug|Win32.Build.0 = Debug|Win32
		{834E9B40-2E02-4F2E-B11D-9FD30EC18C60}.Debug|Win32.Deploy.0 = Debug|Win32
		{834E9B40-2E02-4F2E-B11D-9FD30EC18C60}.Debug|x64.ActiveCfg = Debug|x64
		{834E9B40-2E02-4F2E-B11D-9FD30EC18C60}.Debug|x64.Build.0 = Debug|x64
		{834E9B40-2E02-4F2E-B11D-9FD30EC18C60}.Debug|x64.Deploy.0 = Debug|x64
		{834E9B40-2E02-4F2E-B11D-9FD30EC18C60}.Release|Win32.ActiveCfg = Release|Win32
		{834E9B40-2E02-4F2E-B11D-9FD30EC18C60}.Release|Win32.Build.0 = Release|Win32
		{834E9B40-2E02-4F2E-B11D-9FD30EC18C60}.Release|Win32.Deploy.0 = Release|Win32
		{834E9B40-2E02-4F2E-B11D-9FD30EC18C60}.Release|x64.ActiveCfg = Release|x64
		{834E9B40-2E02-4F2E-B11D-9FD30EC18C60}.Release|x64.Build.0 = Release|x64
		{834E9B40-2E02-4F2E-B11D-9FD30EC18C60}.Release|x64.Deploy.0 = Release|x64
	EndGlobalSection
	GlobalSection(SolutionProperties) = preSolution
		HideSolutionNode = FALSE
	EndGlobalSection
EndGlobal
