
Microsoft Visual Studio Solution File, Format Version 11.00
# Visual Studio 2010
Project("{8BC9CEB8-8B4A-11D0-8D11-00A0C91BC942}") = "3d", "3d.vcxproj", "{EAA6D631-DB98-48AA-ABC2-F0569387CC91}"
EndProject
Project("{8BC9CEB8-8B4A-11D0-8D11-00A0C91BC942}") = "asyncio", "asyncio.vcxproj", "{C183D50A-9C1E-4446-844C-3CA04A05AF4E}"
EndProject
Project("{8BC9CEB8-8B4A-11D0-8D11-00A0C91BC942}") = "channel_groups", "channel_groups.vcxproj", "{0AC6B9E2-936F-40A3-83D2-0F975CE86A06}"
EndProject
Project("{8BC9CEB8-8B4A-11D0-8D11-00A0C91BC942}") = "convolution_reverb", "convolution_reverb.vcxproj", "{6DA2DC3A-0FB6-47D1-95F1-9DC5C3D14099}"
EndProject
Project("{8BC9CEB8-8B4A-11D0-8D11-00A0C91BC942}") = "dsp_custom", "dsp_custom.vcxproj", "{516EF97D-AFEF-4E94-A31B-91BD45FA67FA}"
EndProject
Project("{8BC9CEB8-8B4A-11D0-8D11-00A0C91BC942}") = "dsp_effect_per_speaker", "dsp_effect_per_speaker.vcxproj", "{A3BB63D7-A3AC-4C2A-BF3B-5DCECA136777}"
EndProject
Project("{8BC9CEB8-8B4A-11D0-8D11-00A0C91BC942}") = "dsp_inspector", "dsp_inspector.vcxproj", "{8DC0E888-EB41-49FD-85AF-B506630A185B}"
EndProject
Project("{8BC9CEB8-8B4A-11D0-8D11-00A0C91BC942}") = "effects", "effects.vcxproj", "{1F111249-E0EA-4160-8C31-EAFC6C2491CC}"
EndProject
Project("{8BC9CEB8-8B4A-11D0-8D11-00A0C91BC942}") = "gapless_playback", "gapless_playback.vcxproj", "{B02F1B35-8C5F-410A-8F60-A663C3011AFE}"
EndProject
Project("{8BC9CEB8-8B4A-11D0-8D11-00A0C91BC942}") = "generate_tone", "generate_tone.vcxproj", "{3E0061C8-7A25-4297-AF10-EFC75E33B13E}"
EndProject
Project("{8BC9CEB8-8B4A-11D0-8D11-00A0C91BC942}") = "granular_synth", "granular_synth.vcxproj", "{7A503802-45B3-46FA-8AA0-C6BAA00D3DDB}"
EndProject
Project("{8BC9CEB8-8B4A-11D0-8D11-00A0C91BC942}") = "load_from_memory", "load_from_memory.vcxproj", "{0BB3E8E9-113E-4460-BBBD-B9DC3AD127DD}"
EndProject
Project("{8BC9CEB8-8B4A-11D0-8D11-00A0C91BC942}") = "multiple_speaker", "multiple_speaker.vcxproj", "{342CE2DD-80CB-4FD5-BCA4-F58FB94334E2}"
EndProject
Project("{8BC9CEB8-8B4A-11D0-8D11-00A0C91BC942}") = "multiple_system", "multiple_system.vcxproj", "{57C4DE3C-88F1-4E52-AFA8-BF72BAC5DF9E}"
EndProject
Project("{8BC9CEB8-8B4A-11D0-8D11-00A0C91BC942}") = "net_stream", "net_stream.vcxproj", "{E9B9190F-4286-41FC-B1C5-0BA25A0A6FF5}"
EndProject
Project("{8BC9CEB8-8B4A-11D0-8D11-00A0C91BC942}") = "play_sound", "play_sound.vcxproj", "{3F290442-2FAC-452F-8145-1CAAB2F219A6}"
EndProject
Project("{8BC9CEB8-8B4A-11D0-8D11-00A0C91BC942}") = "play_stream", "play_stream.vcxproj", "{3D4A4B23-0259-48D8-A1CF-C2AA5C855833}"
EndProject
Project("{8BC9CEB8-8B4A-11D0-8D11-00A0C91BC942}") = "record", "record.vcxproj", "{F7153EDD-2576-43F9-8389-019B66E4A1DC}"
EndProject
Project("{8BC9CEB8-8B4A-11D0-8D11-00A0C91BC942}") = "record_enumeration", "record_enumeration.vcxproj", "{23A8EFFF-3EF4-4F53-8A9A-D0DA582AD334}"
EndProject
Project("{8BC9CEB8-8B4A-11D0-8D11-00A0C91BC942}") = "user_created_sound", "user_created_sound.vcxproj", "{A389738B-B16C-49B8-8054-2E86F090B861}"
EndProject
Project("{8BC9CEB8-8B4A-11D0-8D11-00A0C91BC942}") = "fmod_codec_raw", "fmod_codec_raw.vcxproj", "{8DA9BF73-E731-4948-87C1-0E9C1DAC005F}"
EndProject
Project("{8BC9CEB8-8B4A-11D0-8D11-00A0C91BC942}") = "fmod_distance_filter", "fmod_distance_filter.vcxproj", "{6952327D-2437-42A0-988D-13C6361DD282}"
EndProject
Project("{8BC9CEB8-8B4A-11D0-8D11-00A0C91BC942}") = "fmod_gain", "fmod_gain.vcxproj", "{72EFBC4D-0EA0-4AB1-9F69-F969C536EF33}"
EndProject
Project("{8BC9CEB8-8B4A-11D0-8D11-00A0C91BC942}") = "fmod_noise", "fmod_noise.vcxproj", "{CB987D93-9169-4185-B335-249C84958274}"
EndProject
Project("{8BC9CEB8-8B4A-11D0-8D11-00A0C91BC942}") = "output_mp3", "output_mp3.vcxproj", "{E9E6CDAD-C442-492C-BD53-C3669F5FB9F0}"
EndProject
Global
	GlobalSection(SolutionConfigurationPlatforms) = preSolution
		Debug|Win32 = Debug|Win32
		Debug|x64 = Debug|x64
		Release|Win32 = Release|Win32
		Release|x64 = Release|x64
	EndGlobalSection
	GlobalSection(ProjectConfigurationPlatforms) = postSolution
		{EAA6D631-DB98-48AA-ABC2-F0569387CC91}.Debug|Win32.ActiveCfg = Debug|Win32
		{EAA6D631-DB98-48AA-ABC2-F0569387CC91}.Debug|Win32.Build.0 = Debug|Win32
		{EAA6D631-DB98-48AA-ABC2-F0569387CC91}.Debug|Win32.Deploy.0 = Debug|Win32
		{EAA6D631-DB98-48AA-ABC2-F0569387CC91}.Debug|x64.ActiveCfg = Debug|x64
		{EAA6D631-DB98-48AA-ABC2-F0569387CC91}.Debug|x64.Build.0 = Debug|x64
		{EAA6D631-DB98-48AA-ABC2-F0569387CC91}.Debug|x64.Deploy.0 = Debug|x64
		{EAA6D631-DB98-48AA-ABC2-F0569387CC91}.Release|Win32.ActiveCfg = Release|Win32
		{EAA6D631-DB98-48AA-ABC2-F0569387CC91}.Release|Win32.Build.0 = Release|Win32
		{EAA6D631-DB98-48AA-ABC2-F0569387CC91}.Release|Win32.Deploy.0 = Release|Win32
		{EAA6D631-DB98-48AA-ABC2-F0569387CC91}.Release|x64.ActiveCfg = Release|x64
		{EAA6D631-DB98-48AA-ABC2-F0569387CC91}.Release|x64.Build.0 = Release|x64
		{EAA6D631-DB98-48AA-ABC2-F0569387CC91}.Release|x64.Deploy.0 = Release|x64
		{C183D50A-9C1E-4446-844C-3CA04A05AF4E}.Debug|Win32.ActiveCfg = Debug|Win32
		{C183D50A-9C1E-4446-844C-3CA04A05AF4E}.Debug|Win32.Build.0 = Debug|Win32
		{C183D50A-9C1E-4446-844C-3CA04A05AF4E}.Debug|Win32.Deploy.0 = Debug|Win32
		{C183D50A-9C1E-4446-844C-3CA04A05AF4E}.Debug|x64.ActiveCfg = Debug|x64
		{C183D50A-9C1E-4446-844C-3CA04A05AF4E}.Debug|x64.Build.0 = Debug|x64
		{C183D50A-9C1E-4446-844C-3CA04A05AF4E}.Debug|x64.Deploy.0 = Debug|x64
		{C183D50A-9C1E-4446-844C-3CA04A05AF4E}.Release|Win32.ActiveCfg = Release|Win32
		{C183D50A-9C1E-4446-844C-3CA04A05AF4E}.Release|Win32.Build.0 = Release|Win32
		{C183D50A-9C1E-4446-844C-3CA04A05AF4E}.Release|Win32.Deploy.0 = Release|Win32
		{C183D50A-9C1E-4446-844C-3CA04A05AF4E}.Release|x64.ActiveCfg = Release|x64
		{C183D50A-9C1E-4446-844C-3CA04A05AF4E}.Release|x64.Build.0 = Release|x64
		{C183D50A-9C1E-4446-844C-3CA04A05AF4E}.Release|x64.Deploy.0 = Release|x64
		{0AC6B9E2-936F-40A3-83D2-0F975CE86A06}.Debug|Win32.ActiveCfg = Debug|Win32
		{0AC6B9E2-936F-40A3-83D2-0F975CE86A06}.Debug|Win32.Build.0 = Debug|Win32
		{0AC6B9E2-936F-40A3-83D2-0F975CE86A06}.Debug|Win32.Deploy.0 = Debug|Win32
		{0AC6B9E2-936F-40A3-83D2-0F975CE86A06}.Debug|x64.ActiveCfg = Debug|x64
		{0AC6B9E2-936F-40A3-83D2-0F975CE86A06}.Debug|x64.Build.0 = Debug|x64
		{0AC6B9E2-936F-40A3-83D2-0F975CE86A06}.Debug|x64.Deploy.0 = Debug|x64
		{0AC6B9E2-936F-40A3-83D2-0F975CE86A06}.Release|Win32.ActiveCfg = Release|Win32
		{0AC6B9E2-936F-40A3-83D2-0F975CE86A06}.Release|Win32.Build.0 = Release|Win32
		{0AC6B9E2-936F-40A3-83D2-0F975CE86A06}.Release|Win32.Deploy.0 = Release|Win32
		{0AC6B9E2-936F-40A3-83D2-0F975CE86A06}.Release|x64.ActiveCfg = Release|x64
		{0AC6B9E2-936F-40A3-83D2-0F975CE86A06}.Release|x64.Build.0 = Release|x64
		{0AC6B9E2-936F-40A3-83D2-0F975CE86A06}.Release|x64.Deploy.0 = Release|x64
		{6DA2DC3A-0FB6-47D1-95F1-9DC5C3D14099}.Debug|Win32.ActiveCfg = Debug|Win32
		{6DA2DC3A-0FB6-47D1-95F1-9DC5C3D14099}.Debug|Win32.Build.0 = Debug|Win32
		{6DA2DC3A-0FB6-47D1-95F1-9DC5C3D14099}.Debug|Win32.Deploy.0 = Debug|Win32
		{6DA2DC3A-0FB6-47D1-95F1-9DC5C3D14099}.Debug|x64.ActiveCfg = Debug|x64
		{6DA2DC3A-0FB6-47D1-95F1-9DC5C3D14099}.Debug|x64.Build.0 = Debug|x64
		{6DA2DC3A-0FB6-47D1-95F1-9DC5C3D14099}.Debug|x64.Deploy.0 = Debug|x64
		{6DA2DC3A-0FB6-47D1-95F1-9DC5C3D14099}.Release|Win32.ActiveCfg = Release|Win32
		{6DA2DC3A-0FB6-47D1-95F1-9DC5C3D14099}.Release|Win32.Build.0 = Release|Win32
		{6DA2DC3A-0FB6-47D1-95F1-9DC5C3D14099}.Release|Win32.Deploy.0 = Release|Win32
		{6DA2DC3A-0FB6-47D1-95F1-9DC5C3D14099}.Release|x64.ActiveCfg = Release|x64
		{6DA2DC3A-0FB6-47D1-95F1-9DC5C3D14099}.Release|x64.Build.0 = Release|x64
		{6DA2DC3A-0FB6-47D1-95F1-9DC5C3D14099}.Release|x64.Deploy.0 = Release|x64
		{516EF97D-AFEF-4E94-A31B-91BD45FA67FA}.Debug|Win32.ActiveCfg = Debug|Win32
		{516EF97D-AFEF-4E94-A31B-91BD45FA67FA}.Debug|Win32.Build.0 = Debug|Win32
		{516EF97D-AFEF-4E94-A31B-91BD45FA67FA}.Debug|Win32.Deploy.0 = Debug|Win32
		{516EF97D-AFEF-4E94-A31B-91BD45FA67FA}.Debug|x64.ActiveCfg = Debug|x64
		{516EF97D-AFEF-4E94-A31B-91BD45FA67FA}.Debug|x64.Build.0 = Debug|x64
		{516EF97D-AFEF-4E94-A31B-91BD45FA67FA}.Debug|x64.Deploy.0 = Debug|x64
		{516EF97D-AFEF-4E94-A31B-91BD45FA67FA}.Release|Win32.ActiveCfg = Release|Win32
		{516EF97D-AFEF-4E94-A31B-91BD45FA67FA}.Release|Win32.Build.0 = Release|Win32
		{516EF97D-AFEF-4E94-A31B-91BD45FA67FA}.Release|Win32.Deploy.0 = Release|Win32
		{516EF97D-AFEF-4E94-A31B-91BD45FA67FA}.Release|x64.ActiveCfg = Release|x64
		{516EF97D-AFEF-4E94-A31B-91BD45FA67FA}.Release|x64.Build.0 = Release|x64
		{516EF97D-AFEF-4E94-A31B-91BD45FA67FA}.Release|x64.Deploy.0 = Release|x64
		{A3BB63D7-A3AC-4C2A-BF3B-5DCECA136777}.Debug|Win32.ActiveCfg = Debug|Win32
		{A3BB63D7-A3AC-4C2A-BF3B-5DCECA136777}.Debug|Win32.Build.0 = Debug|Win32
		{A3BB63D7-A3AC-4C2A-BF3B-5DCECA136777}.Debug|Win32.Deploy.0 = Debug|Win32
		{A3BB63D7-A3AC-4C2A-BF3B-5DCECA136777}.Debug|x64.ActiveCfg = Debug|x64
		{A3BB63D7-A3AC-4C2A-BF3B-5DCECA136777}.Debug|x64.Build.0 = Debug|x64
		{A3BB63D7-A3AC-4C2A-BF3B-5DCECA136777}.Debug|x64.Deploy.0 = Debug|x64
		{A3BB63D7-A3AC-4C2A-BF3B-5DCECA136777}.Release|Win32.ActiveCfg = Release|Win32
		{A3BB63D7-A3AC-4C2A-BF3B-5DCECA136777}.Release|Win32.Build.0 = Release|Win32
		{A3BB63D7-A3AC-4C2A-BF3B-5DCECA136777}.Release|Win32.Deploy.0 = Release|Win32
		{A3BB63D7-A3AC-4C2A-BF3B-5DCECA136777}.Release|x64.ActiveCfg = Release|x64
		{A3BB63D7-A3AC-4C2A-BF3B-5DCECA136777}.Release|x64.Build.0 = Release|x64
		{A3BB63D7-A3AC-4C2A-BF3B-5DCECA136777}.Release|x64.Deploy.0 = Release|x64
		{8DC0E888-EB41-49FD-85AF-B506630A185B}.Debug|Win32.ActiveCfg = Debug|Win32
		{8DC0E888-EB41-49FD-85AF-B506630A185B}.Debug|Win32.Build.0 = Debug|Win32
		{8DC0E888-EB41-49FD-85AF-B506630A185B}.Debug|Win32.Deploy.0 = Debug|Win32
		{8DC0E888-EB41-49FD-85AF-B506630A185B}.Debug|x64.ActiveCfg = Debug|x64
		{8DC0E888-EB41-49FD-85AF-B506630A185B}.Debug|x64.Build.0 = Debug|x64
		{8DC0E888-EB41-49FD-85AF-B506630A185B}.Debug|x64.Deploy.0 = Debug|x64
		{8DC0E888-EB41-49FD-85AF-B506630A185B}.Release|Win32.ActiveCfg = Release|Win32
		{8DC0E888-EB41-49FD-85AF-B506630A185B}.Release|Win32.Build.0 = Release|Win32
		{8DC0E888-EB41-49FD-85AF-B506630A185B}.Release|Win32.Deploy.0 = Release|Win32
		{8DC0E888-EB41-49FD-85AF-B506630A185B}.Release|x64.ActiveCfg = Release|x64
		{8DC0E888-EB41-49FD-85AF-B506630A185B}.Release|x64.Build.0 = Release|x64
		{8DC0E888-EB41-49FD-85AF-B506630A185B}.Release|x64.Deploy.0 = Release|x64
		{1F111249-E0EA-4160-8C31-EAFC6C2491CC}.Debug|Win32.ActiveCfg = Debug|Win32
		{1F111249-E0EA-4160-8C31-EAFC6C2491CC}.Debug|Win32.Build.0 = Debug|Win32
		{1F111249-E0EA-4160-8C31-EAFC6C2491CC}.Debug|Win32.Deploy.0 = Debug|Win32
		{1F111249-E0EA-4160-8C31-EAFC6C2491CC}.Debug|x64.ActiveCfg = Debug|x64
		{1F111249-E0EA-4160-8C31-EAFC6C2491CC}.Debug|x64.Build.0 = Debug|x64
		{1F111249-E0EA-4160-8C31-EAFC6C2491CC}.Debug|x64.Deploy.0 = Debug|x64
		{1F111249-E0EA-4160-8C31-EAFC6C2491CC}.Release|Win32.ActiveCfg = Release|Win32
		{1F111249-E0EA-4160-8C31-EAFC6C2491CC}.Release|Win32.Build.0 = Release|Win32
		{1F111249-E0EA-4160-8C31-EAFC6C2491CC}.Release|Win32.Deploy.0 = Release|Win32
		{1F111249-E0EA-4160-8C31-EAFC6C2491CC}.Release|x64.ActiveCfg = Release|x64
		{1F111249-E0EA-4160-8C31-EAFC6C2491CC}.Release|x64.Build.0 = Release|x64
		{1F111249-E0EA-4160-8C31-EAFC6C2491CC}.Release|x64.Deploy.0 = Release|x64
		{B02F1B35-8C5F-410A-8F60-A663C3011AFE}.Debug|Win32.ActiveCfg = Debug|Win32
		{B02F1B35-8C5F-410A-8F60-A663C3011AFE}.Debug|Win32.Build.0 = Debug|Win32
		{B02F1B35-8C5F-410A-8F60-A663C3011AFE}.Debug|Win32.Deploy.0 = Debug|Win32
		{B02F1B35-8C5F-410A-8F60-A663C3011AFE}.Debug|x64.ActiveCfg = Debug|x64
		{B02F1B35-8C5F-410A-8F60-A663C3011AFE}.Debug|x64.Build.0 = Debug|x64
		{B02F1B35-8C5F-410A-8F60-A663C3011AFE}.Debug|x64.Deploy.0 = Debug|x64
		{B02F1B35-8C5F-410A-8F60-A663C3011AFE}.Release|Win32.ActiveCfg = Release|Win32
		{B02F1B35-8C5F-410A-8F60-A663C3011AFE}.Release|Win32.Build.0 = Release|Win32
		{B02F1B35-8C5F-410A-8F60-A663C3011AFE}.Release|Win32.Deploy.0 = Release|Win32
		{B02F1B35-8C5F-410A-8F60-A663C3011AFE}.Release|x64.ActiveCfg = Release|x64
		{B02F1B35-8C5F-410A-8F60-A663C3011AFE}.Release|x64.Build.0 = Release|x64
		{B02F1B35-8C5F-410A-8F60-A663C3011AFE}.Release|x64.Deploy.0 = Release|x64
		{3E0061C8-7A25-4297-AF10-EFC75E33B13E}.Debug|Win32.ActiveCfg = Debug|Win32
		{3E0061C8-7A25-4297-AF10-EFC75E33B13E}.Debug|Win32.Build.0 = Debug|Win32
		{3E0061C8-7A25-4297-AF10-EFC75E33B13E}.Debug|Win32.Deploy.0 = Debug|Win32
		{3E0061C8-7A25-4297-AF10-EFC75E33B13E}.Debug|x64.ActiveCfg = Debug|x64
		{3E0061C8-7A25-4297-AF10-EFC75E33B13E}.Debug|x64.Build.0 = Debug|x64
		{3E0061C8-7A25-4297-AF10-EFC75E33B13E}.Debug|x64.Deploy.0 = Debug|x64
		{3E0061C8-7A25-4297-AF10-EFC75E33B13E}.Release|Win32.ActiveCfg = Release|Win32
		{3E0061C8-7A25-4297-AF10-EFC75E33B13E}.Release|Win32.Build.0 = Release|Win32
		{3E0061C8-7A25-4297-AF10-EFC75E33B13E}.Release|Win32.Deploy.0 = Release|Win32
		{3E0061C8-7A25-4297-AF10-EFC75E33B13E}.Release|x64.ActiveCfg = Release|x64
		{3E0061C8-7A25-4297-AF10-EFC75E33B13E}.Release|x64.Build.0 = Release|x64
		{3E0061C8-7A25-4297-AF10-EFC75E33B13E}.Release|x64.Deploy.0 = Release|x64
		{7A503802-45B3-46FA-8AA0-C6BAA00D3DDB}.Debug|Win32.ActiveCfg = Debug|Win32
		{7A503802-45B3-46FA-8AA0-C6BAA00D3DDB}.Debug|Win32.Build.0 = Debug|Win32
		{7A503802-45B3-46FA-8AA0-C6BAA00D3DDB}.Debug|Win32.Deploy.0 = Debug|Win32
		{7A503802-45B3-46FA-8AA0-C6BAA00D3DDB}.Debug|x64.ActiveCfg = Debug|x64
		{7A503802-45B3-46FA-8AA0-C6BAA00D3DDB}.Debug|x64.Build.0 = Debug|x64
		{7A503802-45B3-46FA-8AA0-C6BAA00D3DDB}.Debug|x64.Deploy.0 = Debug|x64
		{7A503802-45B3-46FA-8AA0-C6BAA00D3DDB}.Release|Win32.ActiveCfg = Release|Win32
		{7A503802-45B3-46FA-8AA0-C6BAA00D3DDB}.Release|Win32.Build.0 = Release|Win32
		{7A503802-45B3-46FA-8AA0-C6BAA00D3DDB}.Release|Win32.Deploy.0 = Release|Win32
		{7A503802-45B3-46FA-8AA0-C6BAA00D3DDB}.Release|x64.ActiveCfg = Release|x64
		{7A503802-45B3-46FA-8AA0-C6BAA00D3DDB}.Release|x64.Build.0 = Release|x64
		{7A503802-45B3-46FA-8AA0-C6BAA00D3DDB}.Release|x64.Deploy.0 = Release|x64
		{0BB3E8E9-113E-4460-BBBD-B9DC3AD127DD}.Debug|Win32.ActiveCfg = Debug|Win32
		{0BB3E8E9-113E-4460-BBBD-B9DC3AD127DD}.Debug|Win32.Build.0 = Debug|Win32
		{0BB3E8E9-113E-4460-BBBD-B9DC3AD127DD}.Debug|Win32.Deploy.0 = Debug|Win32
		{0BB3E8E9-113E-4460-BBBD-B9DC3AD127DD}.Debug|x64.ActiveCfg = Debug|x64
		{0BB3E8E9-113E-4460-BBBD-B9DC3AD127DD}.Debug|x64.Build.0 = Debug|x64
		{0BB3E8E9-113E-4460-BBBD-B9DC3AD127DD}.Debug|x64.Deploy.0 = Debug|x64
		{0BB3E8E9-113E-4460-BBBD-B9DC3AD127DD}.Release|Win32.ActiveCfg = Release|Win32
		{0BB3E8E9-113E-4460-BBBD-B9DC3AD127DD}.Release|Win32.Build.0 = Release|Win32
		{0BB3E8E9-113E-4460-BBBD-B9DC3AD127DD}.Release|Win32.Deploy.0 = Release|Win32
		{0BB3E8E9-113E-4460-BBBD-B9DC3AD127DD}.Release|x64.ActiveCfg = Release|x64
		{0BB3E8E9-113E-4460-BBBD-B9DC3AD127DD}.Release|x64.Build.0 = Release|x64
		{0BB3E8E9-113E-4460-BBBD-B9DC3AD127DD}.Release|x64.Deploy.0 = Release|x64
		{342CE2DD-80CB-4FD5-BCA4-F58FB94334E2}.Debug|Win32.ActiveCfg = Debug|Win32
		{342CE2DD-80CB-4FD5-BCA4-F58FB94334E2}.Debug|Win32.Build.0 = Debug|Win32
		{342CE2DD-80CB-4FD5-BCA4-F58FB94334E2}.Debug|Win32.Deploy.0 = Debug|Win32
		{342CE2DD-80CB-4FD5-BCA4-F58FB94334E2}.Debug|x64.ActiveCfg = Debug|x64
		{342CE2DD-80CB-4FD5-BCA4-F58FB94334E2}.Debug|x64.Build.0 = Debug|x64
		{342CE2DD-80CB-4FD5-BCA4-F58FB94334E2}.Debug|x64.Deploy.0 = Debug|x64
		{342CE2DD-80CB-4FD5-BCA4-F58FB94334E2}.Release|Win32.ActiveCfg = Release|Win32
		{342CE2DD-80CB-4FD5-BCA4-F58FB94334E2}.Release|Win32.Build.0 = Release|Win32
		{342CE2DD-80CB-4FD5-BCA4-F58FB94334E2}.Release|Win32.Deploy.0 = Release|Win32
		{342CE2DD-80CB-4FD5-BCA4-F58FB94334E2}.Release|x64.ActiveCfg = Release|x64
		{342CE2DD-80CB-4FD5-BCA4-F58FB94334E2}.Release|x64.Build.0 = Release|x64
		{342CE2DD-80CB-4FD5-BCA4-F58FB94334E2}.Release|x64.Deploy.0 = Release|x64
		{57C4DE3C-88F1-4E52-AFA8-BF72BAC5DF9E}.Debug|Win32.ActiveCfg = Debug|Win32
		{57C4DE3C-88F1-4E52-AFA8-BF72BAC5DF9E}.Debug|Win32.Build.0 = Debug|Win32
		{57C4DE3C-88F1-4E52-AFA8-BF72BAC5DF9E}.Debug|Win32.Deploy.0 = Debug|Win32
		{57C4DE3C-88F1-4E52-AFA8-BF72BAC5DF9E}.Debug|x64.ActiveCfg = Debug|x64
		{57C4DE3C-88F1-4E52-AFA8-BF72BAC5DF9E}.Debug|x64.Build.0 = Debug|x64
		{57C4DE3C-88F1-4E52-AFA8-BF72BAC5DF9E}.Debug|x64.Deploy.0 = Debug|x64
		{57C4DE3C-88F1-4E52-AFA8-BF72BAC5DF9E}.Release|Win32.ActiveCfg = Release|Win32
		{57C4DE3C-88F1-4E52-AFA8-BF72BAC5DF9E}.Release|Win32.Build.0 = Release|Win32
		{57C4DE3C-88F1-4E52-AFA8-BF72BAC5DF9E}.Release|Win32.Deploy.0 = Release|Win32
		{57C4DE3C-88F1-4E52-AFA8-BF72BAC5DF9E}.Release|x64.ActiveCfg = Release|x64
		{57C4DE3C-88F1-4E52-AFA8-BF72BAC5DF9E}.Release|x64.Build.0 = Release|x64
		{57C4DE3C-88F1-4E52-AFA8-BF72BAC5DF9E}.Release|x64.Deploy.0 = Release|x64
		{E9B9190F-4286-41FC-B1C5-0BA25A0A6FF5}.Debug|Win32.ActiveCfg = Debug|Win32
		{E9B9190F-4286-41FC-B1C5-0BA25A0A6FF5}.Debug|Win32.Build.0 = Debug|Win32
		{E9B9190F-4286-41FC-B1C5-0BA25A0A6FF5}.Debug|Win32.Deploy.0 = Debug|Win32
		{E9B9190F-4286-41FC-B1C5-0BA25A0A6FF5}.Debug|x64.ActiveCfg = Debug|x64
		{E9B9190F-4286-41FC-B1C5-0BA25A0A6FF5}.Debug|x64.Build.0 = Debug|x64
		{E9B9190F-4286-41FC-B1C5-0BA25A0A6FF5}.Debug|x64.Deploy.0 = Debug|x64
		{E9B9190F-4286-41FC-B1C5-0BA25A0A6FF5}.Release|Win32.ActiveCfg = Release|Win32
		{E9B9190F-4286-41FC-B1C5-0BA25A0A6FF5}.Release|Win32.Build.0 = Release|Win32
		{E9B9190F-4286-41FC-B1C5-0BA25A0A6FF5}.Release|Win32.Deploy.0 = Release|Win32
		{E9B9190F-4286-41FC-B1C5-0BA25A0A6FF5}.Release|x64.ActiveCfg = Release|x64
		{E9B9190F-4286-41FC-B1C5-0BA25A0A6FF5}.Release|x64.Build.0 = Release|x64
		{E9B9190F-4286-41FC-B1C5-0BA25A0A6FF5}.Release|x64.Deploy.0 = Release|x64
		{3F290442-2FAC-452F-8145-1CAAB2F219A6}.Debug|Win32.ActiveCfg = Debug|Win32
		{3F290442-2FAC-452F-8145-1CAAB2F219A6}.Debug|Win32.Build.0 = Debug|Win32
		{3F290442-2FAC-452F-8145-1CAAB2F219A6}.Debug|Win32.Deploy.0 = Debug|Win32
		{3F290442-2FAC-452F-8145-1CAAB2F219A6}.Debug|x64.ActiveCfg = Debug|x64
		{3F290442-2FAC-452F-8145-1CAAB2F219A6}.Debug|x64.Build.0 = Debug|x64
		{3F290442-2FAC-452F-8145-1CAAB2F219A6}.Debug|x64.Deploy.0 = Debug|x64
		{3F290442-2FAC-452F-8145-1CAAB2F219A6}.Release|Win32.ActiveCfg = Release|Win32
		{3F290442-2FAC-452F-8145-1CAAB2F219A6}.Release|Win32.Build.0 = Release|Win32
		{3F290442-2FAC-452F-8145-1CAAB2F219A6}.Release|Win32.Deploy.0 = Release|Win32
		{3F290442-2FAC-452F-8145-1CAAB2F219A6}.Release|x64.ActiveCfg = Release|x64
		{3F290442-2FAC-452F-8145-1CAAB2F219A6}.Release|x64.Build.0 = Release|x64
		{3F290442-2FAC-452F-8145-1CAAB2F219A6}.Release|x64.Deploy.0 = Release|x64
		{3D4A4B23-0259-48D8-A1CF-C2AA5C855833}.Debug|Win32.ActiveCfg = Debug|Win32
		{3D4A4B23-0259-48D8-A1CF-C2AA5C855833}.Debug|Win32.Build.0 = Debug|Win32
		{3D4A4B23-0259-48D8-A1CF-C2AA5C855833}.Debug|Win32.Deploy.0 = Debug|Win32
		{3D4A4B23-0259-48D8-A1CF-C2AA5C855833}.Debug|x64.ActiveCfg = Debug|x64
		{3D4A4B23-0259-48D8-A1CF-C2AA5C855833}.Debug|x64.Build.0 = Debug|x64
		{3D4A4B23-0259-48D8-A1CF-C2AA5C855833}.Debug|x64.Deploy.0 = Debug|x64
		{3D4A4B23-0259-48D8-A1CF-C2AA5C855833}.Release|Win32.ActiveCfg = Release|Win32
		{3D4A4B23-0259-48D8-A1CF-C2AA5C855833}.Release|Win32.Build.0 = Release|Win32
		{3D4A4B23-0259-48D8-A1CF-C2AA5C855833}.Release|Win32.Deploy.0 = Release|Win32
		{3D4A4B23-0259-48D8-A1CF-C2AA5C855833}.Release|x64.ActiveCfg = Release|x64
		{3D4A4B23-0259-48D8-A1CF-C2AA5C855833}.Release|x64.Build.0 = Release|x64
		{3D4A4B23-0259-48D8-A1CF-C2AA5C855833}.Release|x64.Deploy.0 = Release|x64
		{F7153EDD-2576-43F9-8389-019B66E4A1DC}.Debug|Win32.ActiveCfg = Debug|Win32
		{F7153EDD-2576-43F9-8389-019B66E4A1DC}.Debug|Win32.Build.0 = Debug|Win32
		{F7153EDD-2576-43F9-8389-019B66E4A1DC}.Debug|Win32.Deploy.0 = Debug|Win32
		{F7153EDD-2576-43F9-8389-019B66E4A1DC}.Debug|x64.ActiveCfg = Debug|x64
		{F7153EDD-2576-43F9-8389-019B66E4A1DC}.Debug|x64.Build.0 = Debug|x64
		{F7153EDD-2576-43F9-8389-019B66E4A1DC}.Debug|x64.Deploy.0 = Debug|x64
		{F7153EDD-2576-43F9-8389-019B66E4A1DC}.Release|Win32.ActiveCfg = Release|Win32
		{F7153EDD-2576-43F9-8389-019B66E4A1DC}.Release|Win32.Build.0 = Release|Win32
		{F7153EDD-2576-43F9-8389-019B66E4A1DC}.Release|Win32.Deploy.0 = Release|Win32
		{F7153EDD-2576-43F9-8389-019B66E4A1DC}.Release|x64.ActiveCfg = Release|x64
		{F7153EDD-2576-43F9-8389-019B66E4A1DC}.Release|x64.Build.0 = Release|x64
		{F7153EDD-2576-43F9-8389-019B66E4A1DC}.Release|x64.Deploy.0 = Release|x64
		{23A8EFFF-3EF4-4F53-8A9A-D0DA582AD334}.Debug|Win32.ActiveCfg = Debug|Win32
		{23A8EFFF-3EF4-4F53-8A9A-D0DA582AD334}.Debug|Win32.Build.0 = Debug|Win32
		{23A8EFFF-3EF4-4F53-8A9A-D0DA582AD334}.Debug|Win32.Deploy.0 = Debug|Win32
		{23A8EFFF-3EF4-4F53-8A9A-D0DA582AD334}.Debug|x64.ActiveCfg = Debug|x64
		{23A8EFFF-3EF4-4F53-8A9A-D0DA582AD334}.Debug|x64.Build.0 = Debug|x64
		{23A8EFFF-3EF4-4F53-8A9A-D0DA582AD334}.Debug|x64.Deploy.0 = Debug|x64
		{23A8EFFF-3EF4-4F53-8A9A-D0DA582AD334}.Release|Win32.ActiveCfg = Release|Win32
		{23A8EFFF-3EF4-4F53-8A9A-D0DA582AD334}.Release|Win32.Build.0 = Release|Win32
		{23A8EFFF-3EF4-4F53-8A9A-D0DA582AD334}.Release|Win32.Deploy.0 = Release|Win32
		{23A8EFFF-3EF4-4F53-8A9A-D0DA582AD334}.Release|x64.ActiveCfg = Release|x64
		{23A8EFFF-3EF4-4F53-8A9A-D0DA582AD334}.Release|x64.Build.0 = Release|x64
		{23A8EFFF-3EF4-4F53-8A9A-D0DA582AD334}.Release|x64.Deploy.0 = Release|x64
		{A389738B-B16C-49B8-8054-2E86F090B861}.Debug|Win32.ActiveCfg = Debug|Win32
		{A389738B-B16C-49B8-8054-2E86F090B861}.Debug|Win32.Build.0 = Debug|Win32
		{A389738B-B16C-49B8-8054-2E86F090B861}.Debug|Win32.Deploy.0 = Debug|Win32
		{A389738B-B16C-49B8-8054-2E86F090B861}.Debug|x64.ActiveCfg = Debug|x64
		{A389738B-B16C-49B8-8054-2E86F090B861}.Debug|x64.Build.0 = Debug|x64
		{A389738B-B16C-49B8-8054-2E86F090B861}.Debug|x64.Deploy.0 = Debug|x64
		{A389738B-B16C-49B8-8054-2E86F090B861}.Release|Win32.ActiveCfg = Release|Win32
		{A389738B-B16C-49B8-8054-2E86F090B861}.Release|Win32.Build.0 = Release|Win32
		{A389738B-B16C-49B8-8054-2E86F090B861}.Release|Win32.Deploy.0 = Release|Win32
		{A389738B-B16C-49B8-8054-2E86F090B861}.Release|x64.ActiveCfg = Release|x64
		{A389738B-B16C-49B8-8054-2E86F090B861}.Release|x64.Build.0 = Release|x64
		{A389738B-B16C-49B8-8054-2E86F090B861}.Release|x64.Deploy.0 = Release|x64
		{8DA9BF73-E731-4948-87C1-0E9C1DAC005F}.Debug|Win32.ActiveCfg = Debug|Win32
		{8DA9BF73-E731-4948-87C1-0E9C1DAC005F}.Debug|Win32.Build.0 = Debug|Win32
		{8DA9BF73-E731-4948-87C1-0E9C1DAC005F}.Debug|Win32.Deploy.0 = Debug|Win32
		{8DA9BF73-E731-4948-87C1-0E9C1DAC005F}.Debug|x64.ActiveCfg = Debug|x64
		{8DA9BF73-E731-4948-87C1-0E9C1DAC005F}.Debug|x64.Build.0 = Debug|x64
		{8DA9BF73-E731-4948-87C1-0E9C1DAC005F}.Debug|x64.Deploy.0 = Debug|x64
		{8DA9BF73-E731-4948-87C1-0E9C1DAC005F}.Release|Win32.ActiveCfg = Release|Win32
		{8DA9BF73-E731-4948-87C1-0E9C1DAC005F}.Release|Win32.Build.0 = Release|Win32
		{8DA9BF73-E731-4948-87C1-0E9C1DAC005F}.Release|Win32.Deploy.0 = Release|Win32
		{8DA9BF73-E731-4948-87C1-0E9C1DAC005F}.Release|x64.ActiveCfg = Release|x64
		{8DA9BF73-E731-4948-87C1-0E9C1DAC005F}.Release|x64.Build.0 = Release|x64
		{8DA9BF73-E731-4948-87C1-0E9C1DAC005F}.Release|x64.Deploy.0 = Release|x64
		{6952327D-2437-42A0-988D-13C6361DD282}.Debug|Win32.ActiveCfg = Debug|Win32
		{6952327D-2437-42A0-988D-13C6361DD282}.Debug|Win32.Build.0 = Debug|Win32
		{6952327D-2437-42A0-988D-13C6361DD282}.Debug|Win32.Deploy.0 = Debug|Win32
		{6952327D-2437-42A0-988D-13C6361DD282}.Debug|x64.ActiveCfg = Debug|x64
		{6952327D-2437-42A0-988D-13C6361DD282}.Debug|x64.Build.0 = Debug|x64
		{6952327D-2437-42A0-988D-13C6361DD282}.Debug|x64.Deploy.0 = Debug|x64
		{6952327D-2437-42A0-988D-13C6361DD282}.Release|Win32.ActiveCfg = Release|Win32
		{6952327D-2437-42A0-988D-13C6361DD282}.Release|Win32.Build.0 = Release|Win32
		{6952327D-2437-42A0-988D-13C6361DD282}.Release|Win32.Deploy.0 = Release|Win32
		{6952327D-2437-42A0-988D-13C6361DD282}.Release|x64.ActiveCfg = Release|x64
		{6952327D-2437-42A0-988D-13C6361DD282}.Release|x64.Build.0 = Release|x64
		{6952327D-2437-42A0-988D-13C6361DD282}.Release|x64.Deploy.0 = Release|x64
		{72EFBC4D-0EA0-4AB1-9F69-F969C536EF33}.Debug|Win32.ActiveCfg = Debug|Win32
		{72EFBC4D-0EA0-4AB1-9F69-F969C536EF33}.Debug|Win32.Build.0 = Debug|Win32
		{72EFBC4D-0EA0-4AB1-9F69-F969C536EF33}.Debug|Win32.Deploy.0 = Debug|Win32
		{72EFBC4D-0EA0-4AB1-9F69-F969C536EF33}.Debug|x64.ActiveCfg = Debug|x64
		{72EFBC4D-0EA0-4AB1-9F69-F969C536EF33}.Debug|x64.Build.0 = Debug|x64
		{72EFBC4D-0EA0-4AB1-9F69-F969C536EF33}.Debug|x64.Deploy.0 = Debug|x64
		{72EFBC4D-0EA0-4AB1-9F69-F969C536EF33}.Release|Win32.ActiveCfg = Release|Win32
		{72EFBC4D-0EA0-4AB1-9F69-F969C536EF33}.Release|Win32.Build.0 = Release|Win32
		{72EFBC4D-0EA0-4AB1-9F69-F969C536EF33}.Release|Win32.Deploy.0 = Release|Win32
		{72EFBC4D-0EA0-4AB1-9F69-F969C536EF33}.Release|x64.ActiveCfg = Release|x64
		{72EFBC4D-0EA0-4AB1-9F69-F969C536EF33}.Release|x64.Build.0 = Release|x64
		{72EFBC4D-0EA0-4AB1-9F69-F969C536EF33}.Release|x64.Deploy.0 = Release|x64
		{CB987D93-9169-4185-B335-249C84958274}.Debug|Win32.ActiveCfg = Debug|Win32
		{CB987D93-9169-4185-B335-249C84958274}.Debug|Win32.Build.0 = Debug|Win32
		{CB987D93-9169-4185-B335-249C84958274}.Debug|Win32.Deploy.0 = Debug|Win32
		{CB987D93-9169-4185-B335-249C84958274}.Debug|x64.ActiveCfg = Debug|x64
		{CB987D93-9169-4185-B335-249C84958274}.Debug|x64.Build.0 = Debug|x64
		{CB987D93-9169-4185-B335-249C84958274}.Debug|x64.Deploy.0 = Debug|x64
		{CB987D93-9169-4185-B335-249C84958274}.Release|Win32.ActiveCfg = Release|Win32
		{CB987D93-9169-4185-B335-249C84958274}.Release|Win32.Build.0 = Release|Win32
		{CB987D93-9169-4185-B335-249C84958274}.Release|Win32.Deploy.0 = Release|Win32
		{CB987D93-9169-4185-B335-249C84958274}.Release|x64.ActiveCfg = Release|x64
		{CB987D93-9169-4185-B335-249C84958274}.Release|x64.Build.0 = Release|x64
		{CB987D93-9169-4185-B335-249C84958274}.Release|x64.Deploy.0 = Release|x64
		{E9E6CDAD-C442-492C-BD53-C3669F5FB9F0}.Debug|Win32.ActiveCfg = Debug|Win32
		{E9E6CDAD-C442-492C-BD53-C3669F5FB9F0}.Debug|Win32.Build.0 = Debug|Win32
		{E9E6CDAD-C442-492C-BD53-C3669F5FB9F0}.Debug|Win32.Deploy.0 = Debug|Win32
		{E9E6CDAD-C442-492C-BD53-C3669F5FB9F0}.Debug|x64.ActiveCfg = Debug|x64
		{E9E6CDAD-C442-492C-BD53-C3669F5FB9F0}.Debug|x64.Build.0 = Debug|x64
		{E9E6CDAD-C442-492C-BD53-C3669F5FB9F0}.Debug|x64.Deploy.0 = Debug|x64
		{E9E6CDAD-C442-492C-BD53-C3669F5FB9F0}.Release|Win32.ActiveCfg = Release|Win32
		{E9E6CDAD-C442-492C-BD53-C3669F5FB9F0}.Release|Win32.Build.0 = Release|Win32
		{E9E6CDAD-C442-492C-BD53-C3669F5FB9F0}.Release|Win32.Deploy.0 = Release|Win32
		{E9E6CDAD-C442-492C-BD53-C3669F5FB9F0}.Release|x64.ActiveCfg = Release|x64
		{E9E6CDAD-C442-492C-BD53-C3669F5FB9F0}.Release|x64.Build.0 = Release|x64
		{E9E6CDAD-C442-492C-BD53-C3669F5FB9F0}.Release|x64.Deploy.0 = Release|x64
	EndGlobalSection
	GlobalSection(SolutionProperties) = preSolution
		HideSolutionNode = FALSE
	EndGlobalSection
EndGlobal
